{
  "originHash" : "850caeb1308d1c7e76e506b53d31281e385fbf2fb0b9167c0154ee1e0c0a7a8a",
  "pins" : [
    {
      "identity" : "swiftcsv",
      "kind" : "remoteSourceControl",
      "location" : "https://github.com/swiftcsv/SwiftCSV",
      "state" : {
        "revision" : "6ab5d0fe9b6ef3c79d717eefa70862df389e74d9",
        "version" : "0.10.0"
      }
    }
  ],
  "version" : 3
}
