// !$*UTF8*$!
{
	archiveVersion = 1;
	classes = {
	};
	objectVersion = 56;
	objects = {

/* Begin PBXBuildFile section */
		341C36532C2B2FA0009F9594 /* Config.plist in Resources */ = {isa = PBXBuildFile; fileRef = 341C36522C2B2FA0009F9594 /* Config.plist */; };
		341C36552C2B3035009F9594 /* HonkiView.swift in Sources */ = {isa = PBXBuildFile; fileRef = 341C36542C2B3035009F9594 /* HonkiView.swift */; };
		341C36572C2B30D7009F9594 /* AppDelegate.swift in Sources */ = {isa = PBXBuildFile; fileRef = 341C36562C2B30D7009F9594 /* AppDelegate.swift */; };
		341C36592C2B31A6009F9594 /* alarm_sound.wav in Resources */ = {isa = PBXBuildFile; fileRef = 341C36582C2B31A6009F9594 /* alarm_sound.wav */; };
		341C365A2C2B31BC009F9594 /* alarm_sound.wav in Sources */ = {isa = PBXBuildFile; fileRef = 341C36582C2B31A6009F9594 /* alarm_sound.wav */; };
		3483CF732C2BC37800FA5BD3 /* AlarmLandingView.swift in Sources */ = {isa = PBXBuildFile; fileRef = 3483CF722C2BC37800FA5BD3 /* AlarmLandingView.swift */; };
		3483CF752C2BFE8600FA5BD3 /* AlarmListView.swift in Sources */ = {isa = PBXBuildFile; fileRef = 3483CF742C2BFE8600FA5BD3 /* AlarmListView.swift */; };
		3483CF772C2BFEA400FA5BD3 /* SettingsView.swift in Sources */ = {isa = PBXBuildFile; fileRef = 3483CF762C2BFEA400FA5BD3 /* SettingsView.swift */; };
		34EB07042C18B94800535988 /* AlarmData.swift in Sources */ = {isa = PBXBuildFile; fileRef = 34EB07032C18B94800535988 /* AlarmData.swift */; };
		34EB07062C18B9E900535988 /* AlarmEditView.swift in Sources */ = {isa = PBXBuildFile; fileRef = 34EB07052C18B9E900535988 /* AlarmEditView.swift */; };
		82053D8E2C188F3300D2D191 /* SwiftCSV in Frameworks */ = {isa = PBXBuildFile; productRef = 82053D8D2C188F3300D2D191 /* SwiftCSV */; };
		824D789D2C1A103C0070D045 /* CoreAudio.framework in Frameworks */ = {isa = PBXBuildFile; fileRef = 824D789C2C1A103C0070D045 /* CoreAudio.framework */; };
		824D789F2C1C61BC0070D045 /* Whisper.swift in Sources */ = {isa = PBXBuildFile; fileRef = 824D789E2C1C61BC0070D045 /* Whisper.swift */; };
		827A15952C175F8E003B4468 /* Start.swift in Sources */ = {isa = PBXBuildFile; fileRef = 827A15942C175F8E003B4468 /* Start.swift */; };
		827A15992C176053003B4468 /* Mission.swift in Sources */ = {isa = PBXBuildFile; fileRef = 827A15982C176053003B4468 /* Mission.swift */; };
		827A159B2C176077003B4468 /* GPT.swift in Sources */ = {isa = PBXBuildFile; fileRef = 827A159A2C176077003B4468 /* GPT.swift */; };
		827A159D2C176087003B4468 /* Home.swift in Sources */ = {isa = PBXBuildFile; fileRef = 827A159C2C176087003B4468 /* Home.swift */; };
		827A15A32C18641A003B4468 /* ContentView.swift in Sources */ = {isa = PBXBuildFile; fileRef = 829A59A32C1635B2002D7DA3 /* ContentView.swift */; };
		827AE3B42C1886A300DABD95 /* ビジネス英単語（BSL）.csv in Resources */ = {isa = PBXBuildFile; fileRef = 827AE3B32C1886A300DABD95 /* ビジネス英単語（BSL）.csv */; };
		827AE3BA2C18880D00DABD95 /* ビジネス英単語（BSL）.csv in Resources */ = {isa = PBXBuildFile; fileRef = 827AE3B62C18880D00DABD95 /* ビジネス英単語（BSL）.csv */; };
		827AE3BB2C18880D00DABD95 /* 学術英単語（NAWL）.csv in Resources */ = {isa = PBXBuildFile; fileRef = 827AE3B72C18880D00DABD95 /* 学術英単語（NAWL）.csv */; };
		827AE3BC2C18880D00DABD95 /* 基礎英単語（NGSL）.csv in Resources */ = {isa = PBXBuildFile; fileRef = 827AE3B82C18880D00DABD95 /* 基礎英単語（NGSL）.csv */; };
		827AE3BD2C18880D00DABD95 /* TOEIC.csv in Resources */ = {isa = PBXBuildFile; fileRef = 827AE3B92C18880D00DABD95 /* TOEIC.csv */; };
		828A07D92C1956270008A956 /* Alamofire in Frameworks */ = {isa = PBXBuildFile; productRef = 828A07D82C1956270008A956 /* Alamofire */; };
		828A07DD2C1959C90008A956 /* .gitignore in Resources */ = {isa = PBXBuildFile; fileRef = 828A07DC2C1959C90008A956 /* .gitignore */; };
		828A07DF2C1994070008A956 /* Config.swift in Sources */ = {isa = PBXBuildFile; fileRef = 828A07DE2C1994070008A956 /* Config.swift */; };
		828A07E12C19DE7A0008A956 /* GPT_audio.swift in Sources */ = {isa = PBXBuildFile; fileRef = 828A07E02C19DE7A0008A956 /* GPT_audio.swift */; };
		829A59A22C1635B2002D7DA3 /* WakeMeUpApp.swift in Sources */ = {isa = PBXBuildFile; fileRef = 829A59A12C1635B2002D7DA3 /* WakeMeUpApp.swift */; };
		829A59A62C1635B3002D7DA3 /* Assets.xcassets in Resources */ = {isa = PBXBuildFile; fileRef = 829A59A52C1635B3002D7DA3 /* Assets.xcassets */; };
		829A59A92C1635B3002D7DA3 /* Preview Assets.xcassets in Resources */ = {isa = PBXBuildFile; fileRef = 829A59A82C1635B3002D7DA3 /* Preview Assets.xcassets */; };
		829A59B32C1635B3002D7DA3 /* WakeMeUpTests.swift in Sources */ = {isa = PBXBuildFile; fileRef = 829A59B22C1635B3002D7DA3 /* WakeMeUpTests.swift */; };
		829A59BD2C1635B3002D7DA3 /* WakeMeUpUITests.swift in Sources */ = {isa = PBXBuildFile; fileRef = 829A59BC2C1635B3002D7DA3 /* WakeMeUpUITests.swift */; };
		829A59BF2C1635B3002D7DA3 /* WakeMeUpUITestsLaunchTests.swift in Sources */ = {isa = PBXBuildFile; fileRef = 829A59BE2C1635B3002D7DA3 /* WakeMeUpUITestsLaunchTests.swift */; };
		829A59CC2C163ECD002D7DA3 /* audiotest.swift in Sources */ = {isa = PBXBuildFile; fileRef = 829A59CB2C163ECD002D7DA3 /* audiotest.swift */; };
/* End PBXBuildFile section */

/* Begin PBXContainerItemProxy section */
		829A59AF2C1635B3002D7DA3 /* PBXContainerItemProxy */ = {
			isa = PBXContainerItemProxy;
			containerPortal = 829A59962C1635B2002D7DA3 /* Project object */;
			proxyType = 1;
			remoteGlobalIDString = 829A599D2C1635B2002D7DA3;
			remoteInfo = WakeMeUp;
		};
		829A59B92C1635B3002D7DA3 /* PBXContainerItemProxy */ = {
			isa = PBXContainerItemProxy;
			containerPortal = 829A59962C1635B2002D7DA3 /* Project object */;
			proxyType = 1;
			remoteGlobalIDString = 829A599D2C1635B2002D7DA3;
			remoteInfo = WakeMeUp;
		};
/* End PBXContainerItemProxy section */

/* Begin PBXFileReference section */
		341C36522C2B2FA0009F9594 /* Config.plist */ = {isa = PBXFileReference; fileEncoding = 4; lastKnownFileType = text.plist.xml; path = Config.plist; sourceTree = "<group>"; };
		341C36542C2B3035009F9594 /* HonkiView.swift */ = {isa = PBXFileReference; lastKnownFileType = sourcecode.swift; path = HonkiView.swift; sourceTree = "<group>"; };
		341C36562C2B30D7009F9594 /* AppDelegate.swift */ = {isa = PBXFileReference; lastKnownFileType = sourcecode.swift; path = AppDelegate.swift; sourceTree = "<group>"; };
		341C36582C2B31A6009F9594 /* alarm_sound.wav */ = {isa = PBXFileReference; lastKnownFileType = audio.wav; path = alarm_sound.wav; sourceTree = "<group>"; };
		3483CF722C2BC37800FA5BD3 /* AlarmLandingView.swift */ = {isa = PBXFileReference; lastKnownFileType = sourcecode.swift; path = AlarmLandingView.swift; sourceTree = "<group>"; };
		3483CF742C2BFE8600FA5BD3 /* AlarmListView.swift */ = {isa = PBXFileReference; lastKnownFileType = sourcecode.swift; path = AlarmListView.swift; sourceTree = "<group>"; };
		3483CF762C2BFEA400FA5BD3 /* SettingsView.swift */ = {isa = PBXFileReference; lastKnownFileType = sourcecode.swift; path = SettingsView.swift; sourceTree = "<group>"; };
		34EB07032C18B94800535988 /* AlarmData.swift */ = {isa = PBXFileReference; lastKnownFileType = sourcecode.swift; path = AlarmData.swift; sourceTree = "<group>"; };
		34EB07052C18B9E900535988 /* AlarmEditView.swift */ = {isa = PBXFileReference; lastKnownFileType = sourcecode.swift; path = AlarmEditView.swift; sourceTree = "<group>"; };
		824D789A2C1A0F0B0070D045 /* CoreAudioTypes.framework */ = {isa = PBXFileReference; lastKnownFileType = wrapper.framework; name = CoreAudioTypes.framework; path = System/Library/Frameworks/CoreAudioTypes.framework; sourceTree = SDKROOT; };
		824D789C2C1A103C0070D045 /* CoreAudio.framework */ = {isa = PBXFileReference; lastKnownFileType = wrapper.framework; name = CoreAudio.framework; path = System/Library/Frameworks/CoreAudio.framework; sourceTree = SDKROOT; };
		824D789E2C1C61BC0070D045 /* Whisper.swift */ = {isa = PBXFileReference; lastKnownFileType = sourcecode.swift; path = Whisper.swift; sourceTree = "<group>"; };
		827A15942C175F8E003B4468 /* Start.swift */ = {isa = PBXFileReference; lastKnownFileType = sourcecode.swift; path = Start.swift; sourceTree = "<group>"; };
		827A15982C176053003B4468 /* Mission.swift */ = {isa = PBXFileReference; lastKnownFileType = sourcecode.swift; path = Mission.swift; sourceTree = "<group>"; };
		827A159A2C176077003B4468 /* GPT.swift */ = {isa = PBXFileReference; lastKnownFileType = sourcecode.swift; path = GPT.swift; sourceTree = "<group>"; };
		827A159C2C176087003B4468 /* Home.swift */ = {isa = PBXFileReference; lastKnownFileType = sourcecode.swift; path = Home.swift; sourceTree = "<group>"; };
		827AE3B32C1886A300DABD95 /* ビジネス英単語（BSL）.csv */ = {isa = PBXFileReference; fileEncoding = 4; lastKnownFileType = text; path = "ビジネス英単語（BSL）.csv"; sourceTree = SOURCE_ROOT; };
		827AE3B62C18880D00DABD95 /* ビジネス英単語（BSL）.csv */ = {isa = PBXFileReference; fileEncoding = 4; lastKnownFileType = text; path = "ビジネス英単語（BSL）.csv"; sourceTree = SOURCE_ROOT; };
		827AE3B72C18880D00DABD95 /* 学術英単語（NAWL）.csv */ = {isa = PBXFileReference; fileEncoding = 4; lastKnownFileType = text; path = "学術英単語（NAWL）.csv"; sourceTree = SOURCE_ROOT; };
		827AE3B82C18880D00DABD95 /* 基礎英単語（NGSL）.csv */ = {isa = PBXFileReference; fileEncoding = 4; lastKnownFileType = text; path = "基礎英単語（NGSL）.csv"; sourceTree = SOURCE_ROOT; };
		827AE3B92C18880D00DABD95 /* TOEIC.csv */ = {isa = PBXFileReference; fileEncoding = 4; lastKnownFileType = text; name = TOEIC.csv; path = WakeMeUp/TOEIC.csv; sourceTree = SOURCE_ROOT; };
		828A07DC2C1959C90008A956 /* .gitignore */ = {isa = PBXFileReference; fileEncoding = 4; lastKnownFileType = text; path = .gitignore; sourceTree = SOURCE_ROOT; };
		828A07DE2C1994070008A956 /* Config.swift */ = {isa = PBXFileReference; lastKnownFileType = sourcecode.swift; path = Config.swift; sourceTree = "<group>"; };
		828A07E02C19DE7A0008A956 /* GPT_audio.swift */ = {isa = PBXFileReference; lastKnownFileType = sourcecode.swift; path = GPT_audio.swift; sourceTree = "<group>"; };
		829A599E2C1635B2002D7DA3 /* WakeMeUp.app */ = {isa = PBXFileReference; explicitFileType = wrapper.application; includeInIndex = 0; path = WakeMeUp.app; sourceTree = BUILT_PRODUCTS_DIR; };
		829A59A12C1635B2002D7DA3 /* WakeMeUpApp.swift */ = {isa = PBXFileReference; lastKnownFileType = sourcecode.swift; path = WakeMeUpApp.swift; sourceTree = "<group>"; };
		829A59A32C1635B2002D7DA3 /* ContentView.swift */ = {isa = PBXFileReference; lastKnownFileType = sourcecode.swift; path = ContentView.swift; sourceTree = "<group>"; };
		829A59A52C1635B3002D7DA3 /* Assets.xcassets */ = {isa = PBXFileReference; lastKnownFileType = folder.assetcatalog; path = Assets.xcassets; sourceTree = "<group>"; };
		829A59A82C1635B3002D7DA3 /* Preview Assets.xcassets */ = {isa = PBXFileReference; lastKnownFileType = folder.assetcatalog; path = "Preview Assets.xcassets"; sourceTree = "<group>"; };
		829A59AE2C1635B3002D7DA3 /* WakeMeUpTests.xctest */ = {isa = PBXFileReference; explicitFileType = wrapper.cfbundle; includeInIndex = 0; path = WakeMeUpTests.xctest; sourceTree = BUILT_PRODUCTS_DIR; };
		829A59B22C1635B3002D7DA3 /* WakeMeUpTests.swift */ = {isa = PBXFileReference; lastKnownFileType = sourcecode.swift; path = WakeMeUpTests.swift; sourceTree = "<group>"; };
		829A59B82C1635B3002D7DA3 /* WakeMeUpUITests.xctest */ = {isa = PBXFileReference; explicitFileType = wrapper.cfbundle; includeInIndex = 0; path = WakeMeUpUITests.xctest; sourceTree = BUILT_PRODUCTS_DIR; };
		829A59BC2C1635B3002D7DA3 /* WakeMeUpUITests.swift */ = {isa = PBXFileReference; lastKnownFileType = sourcecode.swift; path = WakeMeUpUITests.swift; sourceTree = "<group>"; };
		829A59BE2C1635B3002D7DA3 /* WakeMeUpUITestsLaunchTests.swift */ = {isa = PBXFileReference; lastKnownFileType = sourcecode.swift; path = WakeMeUpUITestsLaunchTests.swift; sourceTree = "<group>"; };
		829A59CB2C163ECD002D7DA3 /* audiotest.swift */ = {isa = PBXFileReference; lastKnownFileType = sourcecode.swift; path = audiotest.swift; sourceTree = "<group>"; };
/* End PBXFileReference section */

/* Begin PBXFrameworksBuildPhase section */
		829A599B2C1635B2002D7DA3 /* Frameworks */ = {
			isa = PBXFrameworksBuildPhase;
			buildActionMask = 2147483647;
			files = (
				824D789D2C1A103C0070D045 /* CoreAudio.framework in Frameworks */,
				82053D8E2C188F3300D2D191 /* SwiftCSV in Frameworks */,
				828A07D92C1956270008A956 /* Alamofire in Frameworks */,
			);
			runOnlyForDeploymentPostprocessing = 0;
		};
		829A59AB2C1635B3002D7DA3 /* Frameworks */ = {
			isa = PBXFrameworksBuildPhase;
			buildActionMask = 2147483647;
			files = (
			);
			runOnlyForDeploymentPostprocessing = 0;
		};
		829A59B52C1635B3002D7DA3 /* Frameworks */ = {
			isa = PBXFrameworksBuildPhase;
			buildActionMask = 2147483647;
			files = (
			);
			runOnlyForDeploymentPostprocessing = 0;
		};
/* End PBXFrameworksBuildPhase section */

/* Begin PBXGroup section */
		82053D8C2C188F3300D2D191 /* Frameworks */ = {
			isa = PBXGroup;
			children = (
				824D789C2C1A103C0070D045 /* CoreAudio.framework */,
				824D789A2C1A0F0B0070D045 /* CoreAudioTypes.framework */,
			);
			name = Frameworks;
			sourceTree = "<group>";
		};
		827AE3B52C18875200DABD95 /* data */ = {
			isa = PBXGroup;
			children = (
				827AE3B62C18880D00DABD95 /* ビジネス英単語（BSL）.csv */,
				827AE3B72C18880D00DABD95 /* 学術英単語（NAWL）.csv */,
				827AE3B82C18880D00DABD95 /* 基礎英単語（NGSL）.csv */,
			);
			path = data;
			sourceTree = "<group>";
		};
		829A59952C1635B2002D7DA3 = {
			isa = PBXGroup;
			children = (
				827AE3B52C18875200DABD95 /* data */,
				829A59A02C1635B2002D7DA3 /* WakeMeUp */,
				829A59B12C1635B3002D7DA3 /* WakeMeUpTests */,
				829A59BB2C1635B3002D7DA3 /* WakeMeUpUITests */,
				829A599F2C1635B2002D7DA3 /* Products */,
				82053D8C2C188F3300D2D191 /* Frameworks */,
			);
			sourceTree = "<group>";
		};
		829A599F2C1635B2002D7DA3 /* Products */ = {
			isa = PBXGroup;
			children = (
				829A599E2C1635B2002D7DA3 /* WakeMeUp.app */,
				829A59AE2C1635B3002D7DA3 /* WakeMeUpTests.xctest */,
				829A59B82C1635B3002D7DA3 /* WakeMeUpUITests.xctest */,
			);
			name = Products;
			sourceTree = "<group>";
		};
		829A59A02C1635B2002D7DA3 /* WakeMeUp */ = {
			isa = PBXGroup;
			children = (
				828A07DC2C1959C90008A956 /* .gitignore */,
				829A59A12C1635B2002D7DA3 /* WakeMeUpApp.swift */,
				34EB07032C18B94800535988 /* AlarmData.swift */,
				34EB07052C18B9E900535988 /* AlarmEditView.swift */,
				829A59A32C1635B2002D7DA3 /* ContentView.swift */,
				827A15942C175F8E003B4468 /* Start.swift */,
				827A159C2C176087003B4468 /* Home.swift */,
				827A15982C176053003B4468 /* Mission.swift */,
				829A59CB2C163ECD002D7DA3 /* audiotest.swift */,
				827A159A2C176077003B4468 /* GPT.swift */,
				828A07E02C19DE7A0008A956 /* GPT_audio.swift */,
				824D789E2C1C61BC0070D045 /* Whisper.swift */,
				341C36522C2B2FA0009F9594 /* Config.plist */,
				828A07DE2C1994070008A956 /* Config.swift */,
				827AE3B92C18880D00DABD95 /* TOEIC.csv */,
				829A59A52C1635B3002D7DA3 /* Assets.xcassets */,
				829A59A72C1635B3002D7DA3 /* Preview Content */,
				341C36542C2B3035009F9594 /* HonkiView.swift */,
				341C36562C2B30D7009F9594 /* AppDelegate.swift */,
				341C36582C2B31A6009F9594 /* alarm_sound.wav */,
				3483CF722C2BC37800FA5BD3 /* AlarmLandingView.swift */,
				3483CF742C2BFE8600FA5BD3 /* AlarmListView.swift */,
				3483CF762C2BFEA400FA5BD3 /* SettingsView.swift */,
			);
			path = WakeMeUp;
			sourceTree = "<group>";
		};
		829A59A72C1635B3002D7DA3 /* Preview Content */ = {
			isa = PBXGroup;
			children = (
				829A59A82C1635B3002D7DA3 /* Preview Assets.xcassets */,
			);
			path = "Preview Content";
			sourceTree = "<group>";
		};
		829A59B12C1635B3002D7DA3 /* WakeMeUpTests */ = {
			isa = PBXGroup;
			children = (
				829A59B22C1635B3002D7DA3 /* WakeMeUpTests.swift */,
			);
			path = WakeMeUpTests;
			sourceTree = "<group>";
		};
		829A59BB2C1635B3002D7DA3 /* WakeMeUpUITests */ = {
			isa = PBXGroup;
			children = (
				827AE3B32C1886A300DABD95 /* ビジネス英単語（BSL）.csv */,
				829A59BC2C1635B3002D7DA3 /* WakeMeUpUITests.swift */,
				829A59BE2C1635B3002D7DA3 /* WakeMeUpUITestsLaunchTests.swift */,
			);
			path = WakeMeUpUITests;
			sourceTree = "<group>";
		};
/* End PBXGroup section */

/* Begin PBXNativeTarget section */
		829A599D2C1635B2002D7DA3 /* WakeMeUp */ = {
			isa = PBXNativeTarget;
			buildConfigurationList = 829A59C22C1635B3002D7DA3 /* Build configuration list for PBXNativeTarget "WakeMeUp" */;
			buildPhases = (
				829A599A2C1635B2002D7DA3 /* Sources */,
				829A599B2C1635B2002D7DA3 /* Frameworks */,
				829A599C2C1635B2002D7DA3 /* Resources */,
			);
			buildRules = (
			);
			dependencies = (
			);
			name = WakeMeUp;
			packageProductDependencies = (
				82053D8D2C188F3300D2D191 /* SwiftCSV */,
				828A07D82C1956270008A956 /* Alamofire */,
			);
			productName = WakeMeUp;
			productReference = 829A599E2C1635B2002D7DA3 /* WakeMeUp.app */;
			productType = "com.apple.product-type.application";
		};
		829A59AD2C1635B3002D7DA3 /* WakeMeUpTests */ = {
			isa = PBXNativeTarget;
			buildConfigurationList = 829A59C52C1635B3002D7DA3 /* Build configuration list for PBXNativeTarget "WakeMeUpTests" */;
			buildPhases = (
				829A59AA2C1635B3002D7DA3 /* Sources */,
				829A59AB2C1635B3002D7DA3 /* Frameworks */,
				829A59AC2C1635B3002D7DA3 /* Resources */,
			);
			buildRules = (
			);
			dependencies = (
				829A59B02C1635B3002D7DA3 /* PBXTargetDependency */,
			);
			name = WakeMeUpTests;
			productName = WakeMeUpTests;
			productReference = 829A59AE2C1635B3002D7DA3 /* WakeMeUpTests.xctest */;
			productType = "com.apple.product-type.bundle.unit-test";
		};
		829A59B72C1635B3002D7DA3 /* WakeMeUpUITests */ = {
			isa = PBXNativeTarget;
			buildConfigurationList = 829A59C82C1635B3002D7DA3 /* Build configuration list for PBXNativeTarget "WakeMeUpUITests" */;
			buildPhases = (
				829A59B42C1635B3002D7DA3 /* Sources */,
				829A59B52C1635B3002D7DA3 /* Frameworks */,
				829A59B62C1635B3002D7DA3 /* Resources */,
			);
			buildRules = (
			);
			dependencies = (
				829A59BA2C1635B3002D7DA3 /* PBXTargetDependency */,
			);
			name = WakeMeUpUITests;
			productName = WakeMeUpUITests;
			productReference = 829A59B82C1635B3002D7DA3 /* WakeMeUpUITests.xctest */;
			productType = "com.apple.product-type.bundle.ui-testing";
		};
/* End PBXNativeTarget section */

/* Begin PBXProject section */
		829A59962C1635B2002D7DA3 /* Project object */ = {
			isa = PBXProject;
			attributes = {
				BuildIndependentTargetsInParallel = 1;
				LastSwiftUpdateCheck = 1540;
				LastUpgradeCheck = 1540;
				TargetAttributes = {
					829A599D2C1635B2002D7DA3 = {
						CreatedOnToolsVersion = 15.4;
					};
					829A59AD2C1635B3002D7DA3 = {
						CreatedOnToolsVersion = 15.4;
						TestTargetID = 829A599D2C1635B2002D7DA3;
					};
					829A59B72C1635B3002D7DA3 = {
						CreatedOnToolsVersion = 15.4;
						TestTargetID = 829A599D2C1635B2002D7DA3;
					};
				};
			};
			buildConfigurationList = 829A59992C1635B2002D7DA3 /* Build configuration list for PBXProject "WakeMeUp" */;
			compatibilityVersion = "Xcode 14.0";
			developmentRegion = en;
			hasScannedForEncodings = 0;
			knownRegions = (
				en,
				Base,
			);
			mainGroup = 829A59952C1635B2002D7DA3;
			packageReferences = (
				82053D8B2C188D7F00D2D191 /* XCRemoteSwiftPackageReference "SwiftCSV" */,
				828A07D72C1955A50008A956 /* XCRemoteSwiftPackageReference "Alamofire" */,
			);
			productRefGroup = 829A599F2C1635B2002D7DA3 /* Products */;
			projectDirPath = "";
			projectRoot = "";
			targets = (
				829A599D2C1635B2002D7DA3 /* WakeMeUp */,
				829A59AD2C1635B3002D7DA3 /* WakeMeUpTests */,
				829A59B72C1635B3002D7DA3 /* WakeMeUpUITests */,
			);
		};
/* End PBXProject section */

/* Begin PBXResourcesBuildPhase section */
		829A599C2C1635B2002D7DA3 /* Resources */ = {
			isa = PBXResourcesBuildPhase;
			buildActionMask = 2147483647;
			files = (
				828A07DD2C1959C90008A956 /* .gitignore in Resources */,
				341C36532C2B2FA0009F9594 /* Config.plist in Resources */,
				341C36592C2B31A6009F9594 /* alarm_sound.wav in Resources */,
				827AE3BD2C18880D00DABD95 /* TOEIC.csv in Resources */,
				827AE3BC2C18880D00DABD95 /* 基礎英単語（NGSL）.csv in Resources */,
				827AE3BB2C18880D00DABD95 /* 学術英単語（NAWL）.csv in Resources */,
				827AE3BA2C18880D00DABD95 /* ビジネス英単語（BSL）.csv in Resources */,
				829A59A92C1635B3002D7DA3 /* Preview Assets.xcassets in Resources */,
				829A59A62C1635B3002D7DA3 /* Assets.xcassets in Resources */,
			);
			runOnlyForDeploymentPostprocessing = 0;
		};
		829A59AC2C1635B3002D7DA3 /* Resources */ = {
			isa = PBXResourcesBuildPhase;
			buildActionMask = 2147483647;
			files = (
			);
			runOnlyForDeploymentPostprocessing = 0;
		};
		829A59B62C1635B3002D7DA3 /* Resources */ = {
			isa = PBXResourcesBuildPhase;
			buildActionMask = 2147483647;
			files = (
				827AE3B42C1886A300DABD95 /* ビジネス英単語（BSL）.csv in Resources */,
			);
			runOnlyForDeploymentPostprocessing = 0;
		};
/* End PBXResourcesBuildPhase section */

/* Begin PBXSourcesBuildPhase section */
		829A599A2C1635B2002D7DA3 /* Sources */ = {
			isa = PBXSourcesBuildPhase;
			buildActionMask = 2147483647;
			files = (
				341C365A2C2B31BC009F9594 /* alarm_sound.wav in Sources */,
				341C36552C2B3035009F9594 /* HonkiView.swift in Sources */,
				34EB07062C18B9E900535988 /* AlarmEditView.swift in Sources */,
				3483CF772C2BFEA400FA5BD3 /* SettingsView.swift in Sources */,
				827A15952C175F8E003B4468 /* Start.swift in Sources */,
				341C36572C2B30D7009F9594 /* AppDelegate.swift in Sources */,
				827A15992C176053003B4468 /* Mission.swift in Sources */,
				3483CF732C2BC37800FA5BD3 /* AlarmLandingView.swift in Sources */,
				829A59CC2C163ECD002D7DA3 /* audiotest.swift in Sources */,
				3483CF752C2BFE8600FA5BD3 /* AlarmListView.swift in Sources */,
				827A15A32C18641A003B4468 /* ContentView.swift in Sources */,
				827A159B2C176077003B4468 /* GPT.swift in Sources */,
				34EB07042C18B94800535988 /* AlarmData.swift in Sources */,
				828A07DF2C1994070008A956 /* Config.swift in Sources */,
				828A07E12C19DE7A0008A956 /* GPT_audio.swift in Sources */,
				827A159D2C176087003B4468 /* Home.swift in Sources */,
				824D789F2C1C61BC0070D045 /* Whisper.swift in Sources */,
				829A59A22C1635B2002D7DA3 /* WakeMeUpApp.swift in Sources */,
			);
			runOnlyForDeploymentPostprocessing = 0;
		};
		829A59AA2C1635B3002D7DA3 /* Sources */ = {
			isa = PBXSourcesBuildPhase;
			buildActionMask = 2147483647;
			files = (
				829A59B32C1635B3002D7DA3 /* WakeMeUpTests.swift in Sources */,
			);
			runOnlyForDeploymentPostprocessing = 0;
		};
		829A59B42C1635B3002D7DA3 /* Sources */ = {
			isa = PBXSourcesBuildPhase;
			buildActionMask = 2147483647;
			files = (
				829A59BF2C1635B3002D7DA3 /* WakeMeUpUITestsLaunchTests.swift in Sources */,
				829A59BD2C1635B3002D7DA3 /* WakeMeUpUITests.swift in Sources */,
			);
			runOnlyForDeploymentPostprocessing = 0;
		};
/* End PBXSourcesBuildPhase section */

/* Begin PBXTargetDependency section */
		829A59B02C1635B3002D7DA3 /* PBXTargetDependency */ = {
			isa = PBXTargetDependency;
			target = 829A599D2C1635B2002D7DA3 /* WakeMeUp */;
			targetProxy = 829A59AF2C1635B3002D7DA3 /* PBXContainerItemProxy */;
		};
		829A59BA2C1635B3002D7DA3 /* PBXTargetDependency */ = {
			isa = PBXTargetDependency;
			target = 829A599D2C1635B2002D7DA3 /* WakeMeUp */;
			targetProxy = 829A59B92C1635B3002D7DA3 /* PBXContainerItemProxy */;
		};
/* End PBXTargetDependency section */

/* Begin XCBuildConfiguration section */
		829A59C02C1635B3002D7DA3 /* Debug */ = {
			isa = XCBuildConfiguration;
			buildSettings = {
				ALWAYS_SEARCH_USER_PATHS = NO;
				ASSETCATALOG_COMPILER_GENERATE_SWIFT_ASSET_SYMBOL_EXTENSIONS = YES;
				CLANG_ANALYZER_NONNULL = YES;
				CLANG_ANALYZER_NUMBER_OBJECT_CONVERSION = YES_AGGRESSIVE;
				CLANG_CXX_LANGUAGE_STANDARD = "gnu++20";
				CLANG_ENABLE_MODULES = YES;
				CLANG_ENABLE_OBJC_ARC = YES;
				CLANG_ENABLE_OBJC_WEAK = YES;
				CLANG_WARN_BLOCK_CAPTURE_AUTORELEASING = YES;
				CLANG_WARN_BOOL_CONVERSION = YES;
				CLANG_WARN_COMMA = YES;
				CLANG_WARN_CONSTANT_CONVERSION = YES;
				CLANG_WARN_DEPRECATED_OBJC_IMPLEMENTATIONS = YES;
				CLANG_WARN_DIRECT_OBJC_ISA_USAGE = YES_ERROR;
				CLANG_WARN_DOCUMENTATION_COMMENTS = YES;
				CLANG_WARN_EMPTY_BODY = YES;
				CLANG_WARN_ENUM_CONVERSION = YES;
				CLANG_WARN_INFINITE_RECURSION = YES;
				CLANG_WARN_INT_CONVERSION = YES;
				CLANG_WARN_NON_LITERAL_NULL_CONVERSION = YES;
				CLANG_WARN_OBJC_IMPLICIT_RETAIN_SELF = YES;
				CLANG_WARN_OBJC_LITERAL_CONVERSION = YES;
				CLANG_WARN_OBJC_ROOT_CLASS = YES_ERROR;
				CLANG_WARN_QUOTED_INCLUDE_IN_FRAMEWORK_HEADER = YES;
				CLANG_WARN_RANGE_LOOP_ANALYSIS = YES;
				CLANG_WARN_STRICT_PROTOTYPES = YES;
				CLANG_WARN_SUSPICIOUS_MOVE = YES;
				CLANG_WARN_UNGUARDED_AVAILABILITY = YES_AGGRESSIVE;
				CLANG_WARN_UNREACHABLE_CODE = YES;
				CLANG_WARN__DUPLICATE_METHOD_MATCH = YES;
				COPY_PHASE_STRIP = NO;
				DEBUG_INFORMATION_FORMAT = dwarf;
				ENABLE_STRICT_OBJC_MSGSEND = YES;
				ENABLE_TESTABILITY = YES;
				ENABLE_USER_SCRIPT_SANDBOXING = YES;
				GCC_C_LANGUAGE_STANDARD = gnu17;
				GCC_DYNAMIC_NO_PIC = NO;
				GCC_NO_COMMON_BLOCKS = YES;
				GCC_OPTIMIZATION_LEVEL = 0;
				GCC_PREPROCESSOR_DEFINITIONS = (
					"DEBUG=1",
					"$(inherited)",
				);
				GCC_WARN_64_TO_32_BIT_CONVERSION = YES;
				GCC_WARN_ABOUT_RETURN_TYPE = YES_ERROR;
				GCC_WARN_UNDECLARED_SELECTOR = YES;
				GCC_WARN_UNINITIALIZED_AUTOS = YES_AGGRESSIVE;
				GCC_WARN_UNUSED_FUNCTION = YES;
				GCC_WARN_UNUSED_VARIABLE = YES;
				IPHONEOS_DEPLOYMENT_TARGET = 17.5;
				LOCALIZATION_PREFERS_STRING_CATALOGS = YES;
				MTL_ENABLE_DEBUG_INFO = INCLUDE_SOURCE;
				MTL_FAST_MATH = YES;
				ONLY_ACTIVE_ARCH = YES;
				SDKROOT = iphoneos;
				SWIFT_ACTIVE_COMPILATION_CONDITIONS = "DEBUG $(inherited)";
				SWIFT_OPTIMIZATION_LEVEL = "-Onone";
			};
			name = Debug;
		};
		829A59C12C1635B3002D7DA3 /* Release */ = {
			isa = XCBuildConfiguration;
			buildSettings = {
				ALWAYS_SEARCH_USER_PATHS = NO;
				ASSETCATALOG_COMPILER_GENERATE_SWIFT_ASSET_SYMBOL_EXTENSIONS = YES;
				CLANG_ANALYZER_NONNULL = YES;
				CLANG_ANALYZER_NUMBER_OBJECT_CONVERSION = YES_AGGRESSIVE;
				CLANG_CXX_LANGUAGE_STANDARD = "gnu++20";
				CLANG_ENABLE_MODULES = YES;
				CLANG_ENABLE_OBJC_ARC = YES;
				CLANG_ENABLE_OBJC_WEAK = YES;
				CLANG_WARN_BLOCK_CAPTURE_AUTORELEASING = YES;
				CLANG_WARN_BOOL_CONVERSION = YES;
				CLANG_WARN_COMMA = YES;
				CLANG_WARN_CONSTANT_CONVERSION = YES;
				CLANG_WARN_DEPRECATED_OBJC_IMPLEMENTATIONS = YES;
				CLANG_WARN_DIRECT_OBJC_ISA_USAGE = YES_ERROR;
				CLANG_WARN_DOCUMENTATION_COMMENTS = YES;
				CLANG_WARN_EMPTY_BODY = YES;
				CLANG_WARN_ENUM_CONVERSION = YES;
				CLANG_WARN_INFINITE_RECURSION = YES;
				CLANG_WARN_INT_CONVERSION = YES;
				CLANG_WARN_NON_LITERAL_NULL_CONVERSION = YES;
				CLANG_WARN_OBJC_IMPLICIT_RETAIN_SELF = YES;
				CLANG_WARN_OBJC_LITERAL_CONVERSION = YES;
				CLANG_WARN_OBJC_ROOT_CLASS = YES_ERROR;
				CLANG_WARN_QUOTED_INCLUDE_IN_FRAMEWORK_HEADER = YES;
				CLANG_WARN_RANGE_LOOP_ANALYSIS = YES;
				CLANG_WARN_STRICT_PROTOTYPES = YES;
				CLANG_WARN_SUSPICIOUS_MOVE = YES;
				CLANG_WARN_UNGUARDED_AVAILABILITY = YES_AGGRESSIVE;
				CLANG_WARN_UNREACHABLE_CODE = YES;
				CLANG_WARN__DUPLICATE_METHOD_MATCH = YES;
				COPY_PHASE_STRIP = NO;
				DEBUG_INFORMATION_FORMAT = "dwarf-with-dsym";
				ENABLE_NS_ASSERTIONS = NO;
				ENABLE_STRICT_OBJC_MSGSEND = YES;
				ENABLE_USER_SCRIPT_SANDBOXING = YES;
				GCC_C_LANGUAGE_STANDARD = gnu17;
				GCC_NO_COMMON_BLOCKS = YES;
				GCC_WARN_64_TO_32_BIT_CONVERSION = YES;
				GCC_WARN_ABOUT_RETURN_TYPE = YES_ERROR;
				GCC_WARN_UNDECLARED_SELECTOR = YES;
				GCC_WARN_UNINITIALIZED_AUTOS = YES_AGGRESSIVE;
				GCC_WARN_UNUSED_FUNCTION = YES;
				GCC_WARN_UNUSED_VARIABLE = YES;
				IPHONEOS_DEPLOYMENT_TARGET = 17.5;
				LOCALIZATION_PREFERS_STRING_CATALOGS = YES;
				MTL_ENABLE_DEBUG_INFO = NO;
				MTL_FAST_MATH = YES;
				SDKROOT = iphoneos;
				SWIFT_COMPILATION_MODE = wholemodule;
				VALIDATE_PRODUCT = YES;
			};
			name = Release;
		};
		829A59C32C1635B3002D7DA3 /* Debug */ = {
			isa = XCBuildConfiguration;
			buildSettings = {
				ASSETCATALOG_COMPILER_APPICON_NAME = AppIcon;
				ASSETCATALOG_COMPILER_GLOBAL_ACCENT_COLOR_NAME = AccentColor;
				CODE_SIGN_STYLE = Automatic;
				CURRENT_PROJECT_VERSION = 1;
				DEVELOPMENT_ASSET_PATHS = "\"WakeMeUp/Preview Content\"";
				DEVELOPMENT_TEAM = 8ZM4FV57A5;
				ENABLE_PREVIEWS = YES;
				GENERATE_INFOPLIST_FILE = YES;
				INFOPLIST_FILE = WakeMeUp/Info.plist;
				INFOPLIST_KEY_NSMicrophoneUsageDescription = "";
				INFOPLIST_KEY_NSSpeechRecognitionUsageDescription = "";
				INFOPLIST_KEY_UIApplicationSceneManifest_Generation = YES;
				INFOPLIST_KEY_UIApplicationSupportsIndirectInputEvents = YES;
				INFOPLIST_KEY_UILaunchScreen_Generation = YES;
				INFOPLIST_KEY_UISupportedInterfaceOrientations_iPad = "UIInterfaceOrientationPortrait UIInterfaceOrientationPortraitUpsideDown UIInterfaceOrientationLandscapeLeft UIInterfaceOrientationLandscapeRight";
				INFOPLIST_KEY_UISupportedInterfaceOrientations_iPhone = "UIInterfaceOrientationPortrait UIInterfaceOrientationLandscapeLeft UIInterfaceOrientationLandscapeRight";
				LD_RUNPATH_SEARCH_PATHS = (
					"$(inherited)",
					"@executable_path/Frameworks",
				);
				MARKETING_VERSION = 1.0;
				PRODUCT_BUNDLE_IDENTIFIER = Ans.WakeMeUp;
				PRODUCT_NAME = "$(TARGET_NAME)";
				SWIFT_EMIT_LOC_STRINGS = YES;
				SWIFT_VERSION = 5.0;
				TARGETED_DEVICE_FAMILY = "1,2";
			};
			name = Debug;
		};
		829A59C42C1635B3002D7DA3 /* Release */ = {
			isa = XCBuildConfiguration;
			buildSettings = {
				ASSETCATALOG_COMPILER_APPICON_NAME = AppIcon;
				ASSETCATALOG_COMPILER_GLOBAL_ACCENT_COLOR_NAME = AccentColor;
				CODE_SIGN_STYLE = Automatic;
				CURRENT_PROJECT_VERSION = 1;
				DEVELOPMENT_ASSET_PATHS = "\"WakeMeUp/Preview Content\"";
				DEVELOPMENT_TEAM = 8ZM4FV57A5;
				ENABLE_PREVIEWS = YES;
				GENERATE_INFOPLIST_FILE = YES;
				INFOPLIST_FILE = WakeMeUp/Info.plist;
				INFOPLIST_KEY_NSMicrophoneUsageDescription = "";
				INFOPLIST_KEY_NSSpeechRecognitionUsageDescription = "";
				INFOPLIST_KEY_UIApplicationSceneManifest_Generation = YES;
				INFOPLIST_KEY_UIApplicationSupportsIndirectInputEvents = YES;
				INFOPLIST_KEY_UILaunchScreen_Generation = YES;
				INFOPLIST_KEY_UISupportedInterfaceOrientations_iPad = "UIInterfaceOrientationPortrait UIInterfaceOrientationPortraitUpsideDown UIInterfaceOrientationLandscapeLeft UIInterfaceOrientationLandscapeRight";
				INFOPLIST_KEY_UISupportedInterfaceOrientations_iPhone = "UIInterfaceOrientationPortrait UIInterfaceOrientationLandscapeLeft UIInterfaceOrientationLandscapeRight";
				LD_RUNPATH_SEARCH_PATHS = (
					"$(inherited)",
					"@executable_path/Frameworks",
				);
				MARKETING_VERSION = 1.0;
				PRODUCT_BUNDLE_IDENTIFIER = Ans.WakeMeUp;
				PRODUCT_NAME = "$(TARGET_NAME)";
				SWIFT_EMIT_LOC_STRINGS = YES;
				SWIFT_VERSION = 5.0;
				TARGETED_DEVICE_FAMILY = "1,2";
			};
			name = Release;
		};
		829A59C62C1635B3002D7DA3 /* Debug */ = {
			isa = XCBuildConfiguration;
			buildSettings = {
				ALWAYS_EMBED_SWIFT_STANDARD_LIBRARIES = YES;
				BUNDLE_LOADER = "$(TEST_HOST)";
				CODE_SIGN_STYLE = Automatic;
				CURRENT_PROJECT_VERSION = 1;
				DEVELOPMENT_TEAM = 8ZM4FV57A5;
				GENERATE_INFOPLIST_FILE = YES;
				INFOPLIST_KEY_LSApplicationCategoryType = "";
				IPHONEOS_DEPLOYMENT_TARGET = 17.5;
				MARKETING_VERSION = 1.0;
				PRODUCT_BUNDLE_IDENTIFIER = Ans.WakeMeUpTests;
				PRODUCT_NAME = "$(TARGET_NAME)";
				SWIFT_EMIT_LOC_STRINGS = NO;
				SWIFT_VERSION = 5.0;
				TARGETED_DEVICE_FAMILY = "1,2";
				TEST_HOST = "$(BUILT_PRODUCTS_DIR)/WakeMeUp.app/$(BUNDLE_EXECUTABLE_FOLDER_PATH)/WakeMeUp";
			};
			name = Debug;
		};
		829A59C72C1635B3002D7DA3 /* Release */ = {
			isa = XCBuildConfiguration;
			buildSettings = {
				ALWAYS_EMBED_SWIFT_STANDARD_LIBRARIES = YES;
				BUNDLE_LOADER = "$(TEST_HOST)";
				CODE_SIGN_STYLE = Automatic;
				CURRENT_PROJECT_VERSION = 1;
				DEVELOPMENT_TEAM = 8ZM4FV57A5;
				GENERATE_INFOPLIST_FILE = YES;
				INFOPLIST_KEY_LSApplicationCategoryType = "";
				IPHONEOS_DEPLOYMENT_TARGET = 17.5;
				MARKETING_VERSION = 1.0;
				PRODUCT_BUNDLE_IDENTIFIER = Ans.WakeMeUpTests;
				PRODUCT_NAME = "$(TARGET_NAME)";
				SWIFT_EMIT_LOC_STRINGS = NO;
				SWIFT_VERSION = 5.0;
				TARGETED_DEVICE_FAMILY = "1,2";
				TEST_HOST = "$(BUILT_PRODUCTS_DIR)/WakeMeUp.app/$(BUNDLE_EXECUTABLE_FOLDER_PATH)/WakeMeUp";
			};
			name = Release;
		};
		829A59C92C1635B3002D7DA3 /* Debug */ = {
			isa = XCBuildConfiguration;
			buildSettings = {
				ALWAYS_EMBED_SWIFT_STANDARD_LIBRARIES = YES;
				CODE_SIGN_STYLE = Automatic;
				CURRENT_PROJECT_VERSION = 1;
				DEVELOPMENT_TEAM = 8ZM4FV57A5;
				GENERATE_INFOPLIST_FILE = YES;
				MARKETING_VERSION = 1.0;
				PRODUCT_BUNDLE_IDENTIFIER = Ans.WakeMeUpUITests;
				PRODUCT_NAME = "$(TARGET_NAME)";
				SWIFT_EMIT_LOC_STRINGS = NO;
				SWIFT_VERSION = 5.0;
				TARGETED_DEVICE_FAMILY = "1,2";
				TEST_TARGET_NAME = WakeMeUp;
			};
			name = Debug;
		};
		829A59CA2C1635B3002D7DA3 /* Release */ = {
			isa = XCBuildConfiguration;
			buildSettings = {
				ALWAYS_EMBED_SWIFT_STANDARD_LIBRARIES = YES;
				CODE_SIGN_STYLE = Automatic;
				CURRENT_PROJECT_VERSION = 1;
				DEVELOPMENT_TEAM = 8ZM4FV57A5;
				GENERATE_INFOPLIST_FILE = YES;
				MARKETING_VERSION = 1.0;
				PRODUCT_BUNDLE_IDENTIFIER = Ans.WakeMeUpUITests;
				PRODUCT_NAME = "$(TARGET_NAME)";
				SWIFT_EMIT_LOC_STRINGS = NO;
				SWIFT_VERSION = 5.0;
				TARGETED_DEVICE_FAMILY = "1,2";
				TEST_TARGET_NAME = WakeMeUp;
			};
			name = Release;
		};
/* End XCBuildConfiguration section */

/* Begin XCConfigurationList section */
		829A59992C1635B2002D7DA3 /* Build configuration list for PBXProject "WakeMeUp" */ = {
			isa = XCConfigurationList;
			buildConfigurations = (
				829A59C02C1635B3002D7DA3 /* Debug */,
				829A59C12C1635B3002D7DA3 /* Release */,
			);
			defaultConfigurationIsVisible = 0;
			defaultConfigurationName = Release;
		};
		829A59C22C1635B3002D7DA3 /* Build configuration list for PBXNativeTarget "WakeMeUp" */ = {
			isa = XCConfigurationList;
			buildConfigurations = (
				829A59C32C1635B3002D7DA3 /* Debug */,
				829A59C42C1635B3002D7DA3 /* Release */,
			);
			defaultConfigurationIsVisible = 0;
			defaultConfigurationName = Release;
		};
		829A59C52C1635B3002D7DA3 /* Build configuration list for PBXNativeTarget "WakeMeUpTests" */ = {
			isa = XCConfigurationList;
			buildConfigurations = (
				829A59C62C1635B3002D7DA3 /* Debug */,
				829A59C72C1635B3002D7DA3 /* Release */,
			);
			defaultConfigurationIsVisible = 0;
			defaultConfigurationName = Release;
		};
		829A59C82C1635B3002D7DA3 /* Build configuration list for PBXNativeTarget "WakeMeUpUITests" */ = {
			isa = XCConfigurationList;
			buildConfigurations = (
				829A59C92C1635B3002D7DA3 /* Debug */,
				829A59CA2C1635B3002D7DA3 /* Release */,
			);
			defaultConfigurationIsVisible = 0;
			defaultConfigurationName = Release;
		};
/* End XCConfigurationList section */

/* Begin XCRemoteSwiftPackageReference section */
		82053D8B2C188D7F00D2D191 /* XCRemoteSwiftPackageReference "SwiftCSV" */ = {
			isa = XCRemoteSwiftPackageReference;
			repositoryURL = "https://github.com/swiftcsv/SwiftCSV";
			requirement = {
				kind = upToNextMajorVersion;
				minimumVersion = 0.10.0;
			};
		};
		828A07D72C1955A50008A956 /* XCRemoteSwiftPackageReference "Alamofire" */ = {
			isa = XCRemoteSwiftPackageReference;
			repositoryURL = "https://github.com/Alamofire/Alamofire.git";
			requirement = {
				kind = upToNextMajorVersion;
				minimumVersion = 5.9.1;
			};
		};
/* End XCRemoteSwiftPackageReference section */

/* Begin XCSwiftPackageProductDependency section */
		82053D8D2C188F3300D2D191 /* SwiftCSV */ = {
			isa = XCSwiftPackageProductDependency;
			package = 82053D8B2C188D7F00D2D191 /* XCRemoteSwiftPackageReference "SwiftCSV" */;
			productName = SwiftCSV;
		};
		828A07D82C1956270008A956 /* Alamofire */ = {
			isa = XCSwiftPackageProductDependency;
			package = 828A07D72C1955A50008A956 /* XCRemoteSwiftPackageReference "Alamofire" */;
			productName = Alamofire;
		};
/* End XCSwiftPackageProductDependency section */
	};
	rootObject = 829A59962C1635B2002D7DA3 /* Project object */;
}
