// !$*UTF8*$!
{
	archiveVersion = 1;
	classes = {
	};
	objectVersion = 56;
	objects = {

/* Begin PBXBuildFile section */
		341C36552C2B3035009F9594 /* AddAlarmView.swift in Sources */ = {isa = PBXBuildFile; fileRef = 341C36542C2B3035009F9594 /* AddAlarmView.swift */; };
		3483CF732C2BC37800FA5BD3 /* AlarmLandingView.swift in Sources */ = {isa = PBXBuildFile; fileRef = 3483CF722C2BC37800FA5BD3 /* AlarmLandingView.swift */; };
		3483CF752C2BFE8600FA5BD3 /* AlarmListView.swift in Sources */ = {isa = PBXBuildFile; fileRef = 3483CF742C2BFE8600FA5BD3 /* AlarmListView.swift */; };
		3483CF772C2BFEA400FA5BD3 /* SettingsView.swift in Sources */ = {isa = PBXBuildFile; fileRef = 3483CF762C2BFEA400FA5BD3 /* SettingsView.swift */; };
		34EB07042C18B94800535988 /* AlarmData.swift in Sources */ = {isa = PBXBuildFile; fileRef = 34EB07032C18B94800535988 /* AlarmData.swift */; };
		82053D8E2C188F3300D2D191 /* SwiftCSV in Frameworks */ = {isa = PBXBuildFile; productRef = 82053D8D2C188F3300D2D191 /* SwiftCSV */; };
		821FD69D2C32741900F445C7 /* Status.swift in Sources */ = {isa = PBXBuildFile; fileRef = 821FD69C2C32741900F445C7 /* Status.swift */; };
		821FD69F2C329F8100F445C7 /* MissionState.swift in Sources */ = {isa = PBXBuildFile; fileRef = 821FD69E2C329F8100F445C7 /* MissionState.swift */; };
		821FD6A12C3313CC00F445C7 /* MissionClear.swift in Sources */ = {isa = PBXBuildFile; fileRef = 821FD6A02C3313CC00F445C7 /* MissionClear.swift */; };
		821FD6A52C33E64300F445C7 /* Launch Screen.storyboard in Resources */ = {isa = PBXBuildFile; fileRef = 821FD6A42C33E64300F445C7 /* Launch Screen.storyboard */; };
		821FD6A72C34503E00F445C7 /* test.swift in Sources */ = {isa = PBXBuildFile; fileRef = 821FD6A62C34503E00F445C7 /* test.swift */; };
		821FD6A92C358F0F00F445C7 /* HomeMission.swift in Sources */ = {isa = PBXBuildFile; fileRef = 821FD6A82C358F0F00F445C7 /* HomeMission.swift */; };
		821FD6B72C37E2A900F445C7 /* AppDelegate.swift in Sources */ = {isa = PBXBuildFile; fileRef = 821FD6B62C37E2A900F445C7 /* AppDelegate.swift */; };
		8232E88E2C3BF23400D1BF22 /* AlarmStore.swift in Sources */ = {isa = PBXBuildFile; fileRef = 8232E88D2C3BF23400D1BF22 /* AlarmStore.swift */; };
		8232E8902C3BF29C00D1BF22 /* AlarmSettingView.swift in Sources */ = {isa = PBXBuildFile; fileRef = 8232E88F2C3BF29C00D1BF22 /* AlarmSettingView.swift */; };
		8232E8922C3FE08A00D1BF22 /* keep.swift in Sources */ = {isa = PBXBuildFile; fileRef = 8232E8912C3FE08A00D1BF22 /* keep.swift */; };
		824D789D2C1A103C0070D045 /* CoreAudio.framework in Frameworks */ = {isa = PBXBuildFile; fileRef = 824D789C2C1A103C0070D045 /* CoreAudio.framework */; };
		824D789F2C1C61BC0070D045 /* Whisper.swift in Sources */ = {isa = PBXBuildFile; fileRef = 824D789E2C1C61BC0070D045 /* Whisper.swift */; };
		8272A5982C44E2F7006697E1 /* Sound.swift in Sources */ = {isa = PBXBuildFile; fileRef = 8272A5972C44E2F7006697E1 /* Sound.swift */; };
		82772EA92C6FCCE80015F654 /* mix_29s(2)_high.mp3 in Resources */ = {isa = PBXBuildFile; fileRef = 82772E552C6FCCE30015F654 /* mix_29s(2)_high.mp3 */; };
		82772EAA2C6FCCE80015F654 /* はりきっちゃう時のテーマ_low.mp3 in Resources */ = {isa = PBXBuildFile; fileRef = 82772E562C6FCCE30015F654 /* はりきっちゃう時のテーマ_low.mp3 */; };
		82772EAB2C6FCCE80015F654 /* 鳥のさえずり_low.mp3 in Resources */ = {isa = PBXBuildFile; fileRef = 82772E572C6FCCE30015F654 /* 鳥のさえずり_low.mp3 */; };
		82772EAC2C6FCCE80015F654 /* mix_29s(1)_high.mp3 in Resources */ = {isa = PBXBuildFile; fileRef = 82772E582C6FCCE30015F654 /* mix_29s(1)_high.mp3 */; };
		82772EAD2C6FCCE80015F654 /* 聴いたら分かる目覚めたときから戦闘態勢に入れるやつ_medium.mp3 in Resources */ = {isa = PBXBuildFile; fileRef = 82772E592C6FCCE30015F654 /* 聴いたら分かる目覚めたときから戦闘態勢に入れるやつ_medium.mp3 */; };
		82772EAE2C6FCCE80015F654 /* 爽やかな目覚まし音_medium.mp3 in Resources */ = {isa = PBXBuildFile; fileRef = 82772E5A2C6FCCE40015F654 /* 爽やかな目覚まし音_medium.mp3 */; };
		82772EAF2C6FCCE80015F654 /* ふぐふぐ体操_high.mp3 in Resources */ = {isa = PBXBuildFile; fileRef = 82772E5B2C6FCCE40015F654 /* ふぐふぐ体操_high.mp3 */; };
		82772EB02C6FCCE80015F654 /* 2_23_AM_low.mp3 in Resources */ = {isa = PBXBuildFile; fileRef = 82772E5C2C6FCCE40015F654 /* 2_23_AM_low.mp3 */; };
		82772EB12C6FCCE80015F654 /* パステルハウス_low.mp3 in Resources */ = {isa = PBXBuildFile; fileRef = 82772E5D2C6FCCE40015F654 /* パステルハウス_low.mp3 */; };
		82772EB22C6FCCE80015F654 /* ふぐふぐ体操_medium.mp3 in Resources */ = {isa = PBXBuildFile; fileRef = 82772E5E2C6FCCE40015F654 /* ふぐふぐ体操_medium.mp3 */; };
		82772EB32C6FCCE80015F654 /* Morning_high.mp3 in Resources */ = {isa = PBXBuildFile; fileRef = 82772E5F2C6FCCE40015F654 /* Morning_high.mp3 */; };
		82772EB42C6FCCE80015F654 /* 銅鑼の連打_low.mp3 in Resources */ = {isa = PBXBuildFile; fileRef = 82772E602C6FCCE40015F654 /* 銅鑼の連打_low.mp3 */; };
		82772EB52C6FCCE80015F654 /* 銅鑼の連打_medium.mp3 in Resources */ = {isa = PBXBuildFile; fileRef = 82772E612C6FCCE40015F654 /* 銅鑼の連打_medium.mp3 */; };
		82772EB62C6FCCE80015F654 /* 明るいアップビート着信音_high.mp3 in Resources */ = {isa = PBXBuildFile; fileRef = 82772E622C6FCCE40015F654 /* 明るいアップビート着信音_high.mp3 */; };
		82772EB72C6FCCE80015F654 /* 銅鑼の連打_high.mp3 in Resources */ = {isa = PBXBuildFile; fileRef = 82772E632C6FCCE40015F654 /* 銅鑼の連打_high.mp3 */; };
		82772EB82C6FCCE80015F654 /* デフォルト_high.mp3 in Resources */ = {isa = PBXBuildFile; fileRef = 82772E642C6FCCE40015F654 /* デフォルト_high.mp3 */; };
		82772EB92C6FCCE80015F654 /* シンプルなアラーム音(2)_medium.mp3 in Resources */ = {isa = PBXBuildFile; fileRef = 82772E652C6FCCE40015F654 /* シンプルなアラーム音(2)_medium.mp3 */; };
		82772EBA2C6FCCE80015F654 /* mix_29s(1)_medium.mp3 in Resources */ = {isa = PBXBuildFile; fileRef = 82772E662C6FCCE40015F654 /* mix_29s(1)_medium.mp3 */; };
		82772EBB2C6FCCE80015F654 /* mix_29s(1)_low.mp3 in Resources */ = {isa = PBXBuildFile; fileRef = 82772E672C6FCCE40015F654 /* mix_29s(1)_low.mp3 */; };
		82772EBC2C6FCCE80015F654 /* 追いかけっこキャッハー_medium.mp3 in Resources */ = {isa = PBXBuildFile; fileRef = 82772E682C6FCCE40015F654 /* 追いかけっこキャッハー_medium.mp3 */; };
		82772EBD2C6FCCE80015F654 /* デフォルト_medium.mp3 in Resources */ = {isa = PBXBuildFile; fileRef = 82772E692C6FCCE40015F654 /* デフォルト_medium.mp3 */; };
		82772EBE2C6FCCE80015F654 /* 2_23_AM_medium.mp3 in Resources */ = {isa = PBXBuildFile; fileRef = 82772E6A2C6FCCE40015F654 /* 2_23_AM_medium.mp3 */; };
		82772EBF2C6FCCE80015F654 /* ニワトリ_high.mp3 in Resources */ = {isa = PBXBuildFile; fileRef = 82772E6B2C6FCCE40015F654 /* ニワトリ_high.mp3 */; };
		82772EC02C6FCCE80015F654 /* パステルハウス_high.mp3 in Resources */ = {isa = PBXBuildFile; fileRef = 82772E6C2C6FCCE50015F654 /* パステルハウス_high.mp3 */; };
		82772EC12C6FCCE80015F654 /* 一斗缶をたたき続ける_high.mp3 in Resources */ = {isa = PBXBuildFile; fileRef = 82772E6D2C6FCCE50015F654 /* 一斗缶をたたき続ける_high.mp3 */; };
		82772EC22C6FCCE80015F654 /* mix_29s(2)_medium.mp3 in Resources */ = {isa = PBXBuildFile; fileRef = 82772E6E2C6FCCE50015F654 /* mix_29s(2)_medium.mp3 */; };
		82772EC32C6FCCE80015F654 /* オルゴールのチャイム_high.mp3 in Resources */ = {isa = PBXBuildFile; fileRef = 82772E6F2C6FCCE50015F654 /* オルゴールのチャイム_high.mp3 */; };
		82772EC42C6FCCE80015F654 /* 高音ビープアラーム音_high.mp3 in Resources */ = {isa = PBXBuildFile; fileRef = 82772E702C6FCCE50015F654 /* 高音ビープアラーム音_high.mp3 */; };
		82772EC52C6FCCE80015F654 /* 情動カタルシス_high.mp3 in Resources */ = {isa = PBXBuildFile; fileRef = 82772E712C6FCCE50015F654 /* 情動カタルシス_high.mp3 */; };
		82772EC62C6FCCE80015F654 /* 高音ビープアラーム音_low.mp3 in Resources */ = {isa = PBXBuildFile; fileRef = 82772E722C6FCCE50015F654 /* 高音ビープアラーム音_low.mp3 */; };
		82772EC72C6FCCE80015F654 /* 明るいアップビート着信音_medium.mp3 in Resources */ = {isa = PBXBuildFile; fileRef = 82772E732C6FCCE50015F654 /* 明るいアップビート着信音_medium.mp3 */; };
		82772EC82C6FCCE80015F654 /* 鳥のさえずり_medium.mp3 in Resources */ = {isa = PBXBuildFile; fileRef = 82772E742C6FCCE50015F654 /* 鳥のさえずり_medium.mp3 */; };
		82772EC92C6FCCE80015F654 /* オルゴールのチャイム_low.mp3 in Resources */ = {isa = PBXBuildFile; fileRef = 82772E752C6FCCE50015F654 /* オルゴールのチャイム_low.mp3 */; };
		82772ECA2C6FCCE80015F654 /* PiPiPiMorning_medium.mp3 in Resources */ = {isa = PBXBuildFile; fileRef = 82772E762C6FCCE50015F654 /* PiPiPiMorning_medium.mp3 */; };
		82772ECB2C6FCCE80015F654 /* はりきっちゃう時のテーマ_medium.mp3 in Resources */ = {isa = PBXBuildFile; fileRef = 82772E772C6FCCE50015F654 /* はりきっちゃう時のテーマ_medium.mp3 */; };
		82772ECC2C6FCCE80015F654 /* リコーダービート_high.mp3 in Resources */ = {isa = PBXBuildFile; fileRef = 82772E782C6FCCE50015F654 /* リコーダービート_high.mp3 */; };
		82772ECD2C6FCCE80015F654 /* PiPiPiMorning_high.mp3 in Resources */ = {isa = PBXBuildFile; fileRef = 82772E792C6FCCE50015F654 /* PiPiPiMorning_high.mp3 */; };
		82772ECE2C6FCCE80015F654 /* CLUB_DEEP_FOG_low.mp3 in Resources */ = {isa = PBXBuildFile; fileRef = 82772E7A2C6FCCE50015F654 /* CLUB_DEEP_FOG_low.mp3 */; };
		82772ECF2C6FCCE80015F654 /* パステルハウス_medium.mp3 in Resources */ = {isa = PBXBuildFile; fileRef = 82772E7B2C6FCCE50015F654 /* パステルハウス_medium.mp3 */; };
		82772ED02C6FCCE80015F654 /* mix_29s(2)_low.mp3 in Resources */ = {isa = PBXBuildFile; fileRef = 82772E7C2C6FCCE50015F654 /* mix_29s(2)_low.mp3 */; };
		82772ED12C6FCCE80015F654 /* マジカル着信音ループ_low.mp3 in Resources */ = {isa = PBXBuildFile; fileRef = 82772E7D2C6FCCE50015F654 /* マジカル着信音ループ_low.mp3 */; };
		82772ED22C6FCCE80015F654 /* クラシックなアラーム_high.mp3 in Resources */ = {isa = PBXBuildFile; fileRef = 82772E7E2C6FCCE50015F654 /* クラシックなアラーム_high.mp3 */; };
		82772ED32C6FCCE80015F654 /* デフォルト_low.mp3 in Resources */ = {isa = PBXBuildFile; fileRef = 82772E7F2C6FCCE60015F654 /* デフォルト_low.mp3 */; };
		82772ED42C6FCCE80015F654 /* シンプルなアラーム音(1)_high.mp3 in Resources */ = {isa = PBXBuildFile; fileRef = 82772E802C6FCCE60015F654 /* シンプルなアラーム音(1)_high.mp3 */; };
		82772ED52C6FCCE80015F654 /* リコーダービート_medium.mp3 in Resources */ = {isa = PBXBuildFile; fileRef = 82772E812C6FCCE60015F654 /* リコーダービート_medium.mp3 */; };
		82772ED62C6FCCE80015F654 /* 一斗缶をたたき続ける_low.mp3 in Resources */ = {isa = PBXBuildFile; fileRef = 82772E822C6FCCE60015F654 /* 一斗缶をたたき続ける_low.mp3 */; };
		82772ED72C6FCCE80015F654 /* Morning_medium.mp3 in Resources */ = {isa = PBXBuildFile; fileRef = 82772E832C6FCCE60015F654 /* Morning_medium.mp3 */; };
		82772ED82C6FCCE80015F654 /* 一斗缶をたたき続ける_medium.mp3 in Resources */ = {isa = PBXBuildFile; fileRef = 82772E842C6FCCE60015F654 /* 一斗缶をたたき続ける_medium.mp3 */; };
		82772ED92C6FCCE80015F654 /* リコーダービート_low.mp3 in Resources */ = {isa = PBXBuildFile; fileRef = 82772E852C6FCCE60015F654 /* リコーダービート_low.mp3 */; };
		82772EDA2C6FCCE80015F654 /* シンプルなアラーム音(1)_low.mp3 in Resources */ = {isa = PBXBuildFile; fileRef = 82772E862C6FCCE60015F654 /* シンプルなアラーム音(1)_low.mp3 */; };
		82772EDB2C6FCCE80015F654 /* Morning_low.mp3 in Resources */ = {isa = PBXBuildFile; fileRef = 82772E872C6FCCE60015F654 /* Morning_low.mp3 */; };
		82772EDC2C6FCCE80015F654 /* CLUB_DEEP_FOG_high.mp3 in Resources */ = {isa = PBXBuildFile; fileRef = 82772E882C6FCCE60015F654 /* CLUB_DEEP_FOG_high.mp3 */; };
		82772EDD2C6FCCE80015F654 /* 高音ビープアラーム音_medium.mp3 in Resources */ = {isa = PBXBuildFile; fileRef = 82772E892C6FCCE60015F654 /* 高音ビープアラーム音_medium.mp3 */; };
		82772EDE2C6FCCE80015F654 /* 森の中の小鳥のさえずり_low.mp3 in Resources */ = {isa = PBXBuildFile; fileRef = 82772E8A2C6FCCE60015F654 /* 森の中の小鳥のさえずり_low.mp3 */; };
		82772EDF2C6FCCE80015F654 /* 爽やかな目覚まし音_low.mp3 in Resources */ = {isa = PBXBuildFile; fileRef = 82772E8B2C6FCCE60015F654 /* 爽やかな目覚まし音_low.mp3 */; };
		82772EE02C6FCCE80015F654 /* デジタル目覚まし時計アラーム音_high.mp3 in Resources */ = {isa = PBXBuildFile; fileRef = 82772E8C2C6FCCE60015F654 /* デジタル目覚まし時計アラーム音_high.mp3 */; };
		82772EE12C6FCCE80015F654 /* シンプルなアラーム音(1)_medium.mp3 in Resources */ = {isa = PBXBuildFile; fileRef = 82772E8D2C6FCCE60015F654 /* シンプルなアラーム音(1)_medium.mp3 */; };
		82772EE22C6FCCE80015F654 /* デジタル目覚まし時計アラーム音_medium.mp3 in Resources */ = {isa = PBXBuildFile; fileRef = 82772E8E2C6FCCE60015F654 /* デジタル目覚まし時計アラーム音_medium.mp3 */; };
		82772EE32C6FCCE80015F654 /* デジタル目覚まし時計アラーム音_low.mp3 in Resources */ = {isa = PBXBuildFile; fileRef = 82772E8F2C6FCCE60015F654 /* デジタル目覚まし時計アラーム音_low.mp3 */; };
		82772EE42C6FCCE80015F654 /* 鳥のさえずり_high.mp3 in Resources */ = {isa = PBXBuildFile; fileRef = 82772E902C6FCCE60015F654 /* 鳥のさえずり_high.mp3 */; };
		82772EE52C6FCCE80015F654 /* 聴いたら分かる目覚めたときから戦闘態勢に入れるやつ_low.mp3 in Resources */ = {isa = PBXBuildFile; fileRef = 82772E912C6FCCE60015F654 /* 聴いたら分かる目覚めたときから戦闘態勢に入れるやつ_low.mp3 */; };
		82772EE62C6FCCE80015F654 /* 情動カタルシス_medium.mp3 in Resources */ = {isa = PBXBuildFile; fileRef = 82772E922C6FCCE60015F654 /* 情動カタルシス_medium.mp3 */; };
		82772EE72C6FCCE80015F654 /* 森の中の小鳥のさえずり_high.mp3 in Resources */ = {isa = PBXBuildFile; fileRef = 82772E932C6FCCE70015F654 /* 森の中の小鳥のさえずり_high.mp3 */; };
		82772EE82C6FCCE80015F654 /* 聴いたら分かる目覚めたときから戦闘態勢に入れるやつ_high.mp3 in Resources */ = {isa = PBXBuildFile; fileRef = 82772E942C6FCCE70015F654 /* 聴いたら分かる目覚めたときから戦闘態勢に入れるやつ_high.mp3 */; };
		82772EE92C6FCCE80015F654 /* 明るいアップビート着信音_low.mp3 in Resources */ = {isa = PBXBuildFile; fileRef = 82772E952C6FCCE70015F654 /* 明るいアップビート着信音_low.mp3 */; };
		82772EEA2C6FCCE80015F654 /* 追いかけっこキャッハー_low.mp3 in Resources */ = {isa = PBXBuildFile; fileRef = 82772E962C6FCCE70015F654 /* 追いかけっこキャッハー_low.mp3 */; };
		82772EEB2C6FCCE80015F654 /* ふぐふぐ体操_low.mp3 in Resources */ = {isa = PBXBuildFile; fileRef = 82772E972C6FCCE70015F654 /* ふぐふぐ体操_low.mp3 */; };
		82772EEC2C6FCCE80015F654 /* クラシックなアラーム_low.mp3 in Resources */ = {isa = PBXBuildFile; fileRef = 82772E982C6FCCE70015F654 /* クラシックなアラーム_low.mp3 */; };
		82772EED2C6FCCE80015F654 /* シンプルなアラーム音(2)_high.mp3 in Resources */ = {isa = PBXBuildFile; fileRef = 82772E992C6FCCE70015F654 /* シンプルなアラーム音(2)_high.mp3 */; };
		82772EEE2C6FCCE80015F654 /* オルゴールのチャイム_medium.mp3 in Resources */ = {isa = PBXBuildFile; fileRef = 82772E9A2C6FCCE70015F654 /* オルゴールのチャイム_medium.mp3 */; };
		82772EEF2C6FCCE80015F654 /* 追いかけっこキャッハー_high.mp3 in Resources */ = {isa = PBXBuildFile; fileRef = 82772E9B2C6FCCE70015F654 /* 追いかけっこキャッハー_high.mp3 */; };
		82772EF02C6FCCE80015F654 /* クラシックなアラーム_medium.mp3 in Resources */ = {isa = PBXBuildFile; fileRef = 82772E9C2C6FCCE70015F654 /* クラシックなアラーム_medium.mp3 */; };
		82772EF12C6FCCE80015F654 /* はりきっちゃう時のテーマ_high.mp3 in Resources */ = {isa = PBXBuildFile; fileRef = 82772E9D2C6FCCE70015F654 /* はりきっちゃう時のテーマ_high.mp3 */; };
		82772EF22C6FCCE80015F654 /* マジカル着信音ループ_medium.mp3 in Resources */ = {isa = PBXBuildFile; fileRef = 82772E9E2C6FCCE70015F654 /* マジカル着信音ループ_medium.mp3 */; };
		82772EF32C6FCCE80015F654 /* 2_23_AM_high.mp3 in Resources */ = {isa = PBXBuildFile; fileRef = 82772E9F2C6FCCE70015F654 /* 2_23_AM_high.mp3 */; };
		82772EF42C6FCCE80015F654 /* 森の中の小鳥のさえずり_medium.mp3 in Resources */ = {isa = PBXBuildFile; fileRef = 82772EA02C6FCCE70015F654 /* 森の中の小鳥のさえずり_medium.mp3 */; };
		82772EF52C6FCCE80015F654 /* ニワトリ_low.mp3 in Resources */ = {isa = PBXBuildFile; fileRef = 82772EA12C6FCCE70015F654 /* ニワトリ_low.mp3 */; };
		82772EF62C6FCCE80015F654 /* 爽やかな目覚まし音_high.mp3 in Resources */ = {isa = PBXBuildFile; fileRef = 82772EA22C6FCCE70015F654 /* 爽やかな目覚まし音_high.mp3 */; };
		82772EF72C6FCCE80015F654 /* ニワトリ_medium.mp3 in Resources */ = {isa = PBXBuildFile; fileRef = 82772EA32C6FCCE70015F654 /* ニワトリ_medium.mp3 */; };
		82772EF82C6FCCE80015F654 /* シンプルなアラーム音(2)_low.mp3 in Resources */ = {isa = PBXBuildFile; fileRef = 82772EA42C6FCCE70015F654 /* シンプルなアラーム音(2)_low.mp3 */; };
		82772EF92C6FCCE80015F654 /* PiPiPiMorning_low.mp3 in Resources */ = {isa = PBXBuildFile; fileRef = 82772EA52C6FCCE80015F654 /* PiPiPiMorning_low.mp3 */; };
		82772EFA2C6FCCE80015F654 /* マジカル着信音ループ_high.mp3 in Resources */ = {isa = PBXBuildFile; fileRef = 82772EA62C6FCCE80015F654 /* マジカル着信音ループ_high.mp3 */; };
		82772EFB2C6FCCE80015F654 /* CLUB_DEEP_FOG_medium.mp3 in Resources */ = {isa = PBXBuildFile; fileRef = 82772EA72C6FCCE80015F654 /* CLUB_DEEP_FOG_medium.mp3 */; };
		82772EFC2C6FCCE80015F654 /* 情動カタルシス_low.mp3 in Resources */ = {isa = PBXBuildFile; fileRef = 82772EA82C6FCCE80015F654 /* 情動カタルシス_low.mp3 */; };
		82772F002C6FD3C40015F654 /* 野良猫は宇宙を目指した_low.mp3 in Resources */ = {isa = PBXBuildFile; fileRef = 82772EFD2C6FD3C40015F654 /* 野良猫は宇宙を目指した_low.mp3 */; };
		82772F012C6FD3C40015F654 /* 野良猫は宇宙を目指した_medium.mp3 in Resources */ = {isa = PBXBuildFile; fileRef = 82772EFE2C6FD3C40015F654 /* 野良猫は宇宙を目指した_medium.mp3 */; };
		82772F022C6FD3C40015F654 /* 野良猫は宇宙を目指した_high.mp3 in Resources */ = {isa = PBXBuildFile; fileRef = 82772EFF2C6FD3C40015F654 /* 野良猫は宇宙を目指した_high.mp3 */; };
		82772F072C6FD7780015F654 /* ビジネス英単語.csv in Resources */ = {isa = PBXBuildFile; fileRef = 82772F032C6FD7780015F654 /* ビジネス英単語.csv */; };
		82772F082C6FD7780015F654 /* 基礎英単語.csv in Resources */ = {isa = PBXBuildFile; fileRef = 82772F042C6FD7780015F654 /* 基礎英単語.csv */; };
		82772F092C6FD7780015F654 /* 学術英単語.csv in Resources */ = {isa = PBXBuildFile; fileRef = 82772F052C6FD7780015F654 /* 学術英単語.csv */; };
		82772F0A2C6FD7780015F654 /* TOEIC英単語.csv in Resources */ = {isa = PBXBuildFile; fileRef = 82772F062C6FD7780015F654 /* TOEIC英単語.csv */; };
		827A15992C176053003B4468 /* Mission.swift in Sources */ = {isa = PBXBuildFile; fileRef = 827A15982C176053003B4468 /* Mission.swift */; };
		827A159B2C176077003B4468 /* GPT.swift in Sources */ = {isa = PBXBuildFile; fileRef = 827A159A2C176077003B4468 /* GPT.swift */; };
		827A159D2C176087003B4468 /* Home.swift in Sources */ = {isa = PBXBuildFile; fileRef = 827A159C2C176087003B4468 /* Home.swift */; };
		827A15A32C18641A003B4468 /* ContentView.swift in Sources */ = {isa = PBXBuildFile; fileRef = 829A59A32C1635B2002D7DA3 /* ContentView.swift */; };
		827AE3B42C1886A300DABD95 /* ビジネス英単語（BSL）.csv in Resources */ = {isa = PBXBuildFile; fileRef = 827AE3B32C1886A300DABD95 /* ビジネス英単語（BSL）.csv */; };
		828A07D92C1956270008A956 /* Alamofire in Frameworks */ = {isa = PBXBuildFile; productRef = 828A07D82C1956270008A956 /* Alamofire */; };
		828A07DD2C1959C90008A956 /* .gitignore in Resources */ = {isa = PBXBuildFile; fileRef = 828A07DC2C1959C90008A956 /* .gitignore */; };
		828A07DF2C1994070008A956 /* Config.swift in Sources */ = {isa = PBXBuildFile; fileRef = 828A07DE2C1994070008A956 /* Config.swift */; };
		828A07E12C19DE7A0008A956 /* GPT_audio.swift in Sources */ = {isa = PBXBuildFile; fileRef = 828A07E02C19DE7A0008A956 /* GPT_audio.swift */; };
		8292006C2C469B2200C96C30 /* ItemState.swift in Sources */ = {isa = PBXBuildFile; fileRef = 8292006B2C469B2200C96C30 /* ItemState.swift */; };
		829200702C469F3600C96C30 /* Gacha.sks in Resources */ = {isa = PBXBuildFile; fileRef = 8292006F2C469F3600C96C30 /* Gacha.sks */; };
		829200742C46A81600C96C30 /* Gacha.swift in Sources */ = {isa = PBXBuildFile; fileRef = 829200732C46A81600C96C30 /* Gacha.swift */; };
		829200802C4777B300C96C30 /* RainParticle.sks in Resources */ = {isa = PBXBuildFile; fileRef = 8292007F2C4777B300C96C30 /* RainParticle.sks */; };
		829200932C47A03300C96C30 /* SwiftyGif in Frameworks */ = {isa = PBXBuildFile; productRef = 829200922C47A03300C96C30 /* SwiftyGif */; };
		829200952C47A20D00C96C30 /* UIGIFImageView.swift in Sources */ = {isa = PBXBuildFile; fileRef = 829200942C47A20D00C96C30 /* UIGIFImageView.swift */; };
		829200972C47A24100C96C30 /* GIFImage.swift in Sources */ = {isa = PBXBuildFile; fileRef = 829200962C47A24100C96C30 /* GIFImage.swift */; };
		829200A72C4821F300C96C30 /* GachaGif.swift in Sources */ = {isa = PBXBuildFile; fileRef = 829200A62C4821F300C96C30 /* GachaGif.swift */; };
		829200A92C4825A400C96C30 /* Collection.swift in Sources */ = {isa = PBXBuildFile; fileRef = 829200A82C4825A400C96C30 /* Collection.swift */; };
		829A59A22C1635B2002D7DA3 /* WakeMeUpApp.swift in Sources */ = {isa = PBXBuildFile; fileRef = 829A59A12C1635B2002D7DA3 /* WakeMeUpApp.swift */; };
		829A59A62C1635B3002D7DA3 /* Assets.xcassets in Resources */ = {isa = PBXBuildFile; fileRef = 829A59A52C1635B3002D7DA3 /* Assets.xcassets */; };
		829A59A92C1635B3002D7DA3 /* Preview Assets.xcassets in Resources */ = {isa = PBXBuildFile; fileRef = 829A59A82C1635B3002D7DA3 /* Preview Assets.xcassets */; };
		829A59B32C1635B3002D7DA3 /* WakeMeUpTests.swift in Sources */ = {isa = PBXBuildFile; fileRef = 829A59B22C1635B3002D7DA3 /* WakeMeUpTests.swift */; };
		829A59BD2C1635B3002D7DA3 /* WakeMeUpUITests.swift in Sources */ = {isa = PBXBuildFile; fileRef = 829A59BC2C1635B3002D7DA3 /* WakeMeUpUITests.swift */; };
		829A59BF2C1635B3002D7DA3 /* WakeMeUpUITestsLaunchTests.swift in Sources */ = {isa = PBXBuildFile; fileRef = 829A59BE2C1635B3002D7DA3 /* WakeMeUpUITestsLaunchTests.swift */; };
		829A59CC2C163ECD002D7DA3 /* audio.swift in Sources */ = {isa = PBXBuildFile; fileRef = 829A59CB2C163ECD002D7DA3 /* audio.swift */; };
		82FE14252C63EFEE0023CC8B /* Answer.mp3 in Resources */ = {isa = PBXBuildFile; fileRef = 82FE14152C63EFEE0023CC8B /* Answer.mp3 */; };
		82FE14292C63F0A60023CC8B /* AdMob.swift in Sources */ = {isa = PBXBuildFile; fileRef = 82FE14282C63F0A60023CC8B /* AdMob.swift */; };
		82FE142B2C649F9F0023CC8B /* MissionSectionSelect.swift in Sources */ = {isa = PBXBuildFile; fileRef = 82FE142A2C649F9F0023CC8B /* MissionSectionSelect.swift */; };
		82FE142D2C64B0E90023CC8B /* no.mp3 in Resources */ = {isa = PBXBuildFile; fileRef = 82FE142C2C64B0E80023CC8B /* no.mp3 */; };
		82FE142F2C64B62B0023CC8B /* StatusSectionSelect.swift in Sources */ = {isa = PBXBuildFile; fileRef = 82FE142E2C64B62B0023CC8B /* StatusSectionSelect.swift */; };
		82FE14312C67544A0023CC8B /* Exchange.swift in Sources */ = {isa = PBXBuildFile; fileRef = 82FE14302C67544A0023CC8B /* Exchange.swift */; };
		82FE159F2C6B39140023CC8B /* Onboarding.swift in Sources */ = {isa = PBXBuildFile; fileRef = 82FE159E2C6B39140023CC8B /* Onboarding.swift */; };
		82FE15A12C6EE6CF0023CC8B /* CollectionImage.swift in Sources */ = {isa = PBXBuildFile; fileRef = 82FE15A02C6EE6CF0023CC8B /* CollectionImage.swift */; };
		82FE15AB2C6F9A500023CC8B /* Gacha.mp3 in Resources */ = {isa = PBXBuildFile; fileRef = 82FE15AA2C6F9A500023CC8B /* Gacha.mp3 */; };
		82FE15AD2C6FA4D80023CC8B /* Gacha2.mp3 in Resources */ = {isa = PBXBuildFile; fileRef = 82FE15AC2C6FA4D80023CC8B /* Gacha2.mp3 */; };
		82FE15AF2C6FB65E0023CC8B /* HowToUse.swift in Sources */ = {isa = PBXBuildFile; fileRef = 82FE15AE2C6FB65E0023CC8B /* HowToUse.swift */; };
		BE27B1C6E42E24EAB0C652AD /* Pods_WakeMeUp.framework in Frameworks */ = {isa = PBXBuildFile; fileRef = 8BF874ECC64D0D887640BD3A /* Pods_WakeMeUp.framework */; };
/* End PBXBuildFile section */

/* Begin PBXContainerItemProxy section */
		829A59AF2C1635B3002D7DA3 /* PBXContainerItemProxy */ = {
			isa = PBXContainerItemProxy;
			containerPortal = 829A59962C1635B2002D7DA3 /* Project object */;
			proxyType = 1;
			remoteGlobalIDString = 829A599D2C1635B2002D7DA3;
			remoteInfo = WakeMeUp;
		};
		829A59B92C1635B3002D7DA3 /* PBXContainerItemProxy */ = {
			isa = PBXContainerItemProxy;
			containerPortal = 829A59962C1635B2002D7DA3 /* Project object */;
			proxyType = 1;
			remoteGlobalIDString = 829A599D2C1635B2002D7DA3;
			remoteInfo = WakeMeUp;
		};
/* End PBXContainerItemProxy section */

/* Begin PBXFileReference section */
		341C36542C2B3035009F9594 /* AddAlarmView.swift */ = {isa = PBXFileReference; lastKnownFileType = sourcecode.swift; path = AddAlarmView.swift; sourceTree = "<group>"; };
		3483CF722C2BC37800FA5BD3 /* AlarmLandingView.swift */ = {isa = PBXFileReference; lastKnownFileType = sourcecode.swift; path = AlarmLandingView.swift; sourceTree = "<group>"; };
		3483CF742C2BFE8600FA5BD3 /* AlarmListView.swift */ = {isa = PBXFileReference; lastKnownFileType = sourcecode.swift; path = AlarmListView.swift; sourceTree = "<group>"; };
		3483CF762C2BFEA400FA5BD3 /* SettingsView.swift */ = {isa = PBXFileReference; lastKnownFileType = sourcecode.swift; path = SettingsView.swift; sourceTree = "<group>"; };
		34EB07032C18B94800535988 /* AlarmData.swift */ = {isa = PBXFileReference; lastKnownFileType = sourcecode.swift; path = AlarmData.swift; sourceTree = "<group>"; };
		6346B2490E7BCC2DC5586107 /* Pods-WakeMeUp.release.xcconfig */ = {isa = PBXFileReference; includeInIndex = 1; lastKnownFileType = text.xcconfig; name = "Pods-WakeMeUp.release.xcconfig"; path = "Target Support Files/Pods-WakeMeUp/Pods-WakeMeUp.release.xcconfig"; sourceTree = "<group>"; };
		821FD69C2C32741900F445C7 /* Status.swift */ = {isa = PBXFileReference; lastKnownFileType = sourcecode.swift; path = Status.swift; sourceTree = "<group>"; };
		821FD69E2C329F8100F445C7 /* MissionState.swift */ = {isa = PBXFileReference; lastKnownFileType = sourcecode.swift; path = MissionState.swift; sourceTree = "<group>"; };
		821FD6A02C3313CC00F445C7 /* MissionClear.swift */ = {isa = PBXFileReference; lastKnownFileType = sourcecode.swift; path = MissionClear.swift; sourceTree = "<group>"; };
		821FD6A42C33E64300F445C7 /* Launch Screen.storyboard */ = {isa = PBXFileReference; lastKnownFileType = file.storyboard; path = "Launch Screen.storyboard"; sourceTree = "<group>"; };
		821FD6A62C34503E00F445C7 /* test.swift */ = {isa = PBXFileReference; lastKnownFileType = sourcecode.swift; path = test.swift; sourceTree = "<group>"; };
		821FD6A82C358F0F00F445C7 /* HomeMission.swift */ = {isa = PBXFileReference; lastKnownFileType = sourcecode.swift; path = HomeMission.swift; sourceTree = "<group>"; };
		821FD6B62C37E2A900F445C7 /* AppDelegate.swift */ = {isa = PBXFileReference; lastKnownFileType = sourcecode.swift; path = AppDelegate.swift; sourceTree = "<group>"; };
		8232E88D2C3BF23400D1BF22 /* AlarmStore.swift */ = {isa = PBXFileReference; lastKnownFileType = sourcecode.swift; path = AlarmStore.swift; sourceTree = "<group>"; };
		8232E88F2C3BF29C00D1BF22 /* AlarmSettingView.swift */ = {isa = PBXFileReference; lastKnownFileType = sourcecode.swift; path = AlarmSettingView.swift; sourceTree = "<group>"; };
		8232E8912C3FE08A00D1BF22 /* keep.swift */ = {isa = PBXFileReference; lastKnownFileType = sourcecode.swift; path = keep.swift; sourceTree = "<group>"; };
		824D789A2C1A0F0B0070D045 /* CoreAudioTypes.framework */ = {isa = PBXFileReference; lastKnownFileType = wrapper.framework; name = CoreAudioTypes.framework; path = System/Library/Frameworks/CoreAudioTypes.framework; sourceTree = SDKROOT; };
		824D789C2C1A103C0070D045 /* CoreAudio.framework */ = {isa = PBXFileReference; lastKnownFileType = wrapper.framework; name = CoreAudio.framework; path = System/Library/Frameworks/CoreAudio.framework; sourceTree = SDKROOT; };
		824D789E2C1C61BC0070D045 /* Whisper.swift */ = {isa = PBXFileReference; lastKnownFileType = sourcecode.swift; path = Whisper.swift; sourceTree = "<group>"; };
		8272A5972C44E2F7006697E1 /* Sound.swift */ = {isa = PBXFileReference; lastKnownFileType = sourcecode.swift; path = Sound.swift; sourceTree = "<group>"; };
		8272A59C2C4584AE006697E1 /* swift-package-manager-google-user-messaging-platform */ = {isa = PBXFileReference; lastKnownFileType = wrapper; name = "swift-package-manager-google-user-messaging-platform"; path = "/Users/nagairyousuke/Library/Developer/Xcode/DerivedData/WakeMeUp-fbariaalosqyfbcfsszuzzanjplm/SourcePackages/checkouts/swift-package-manager-google-user-messaging-platform"; sourceTree = "<absolute>"; };
		82772E552C6FCCE30015F654 /* mix_29s(2)_high.mp3 */ = {isa = PBXFileReference; lastKnownFileType = audio.mp3; path = "mix_29s(2)_high.mp3"; sourceTree = "<group>"; };
		82772E562C6FCCE30015F654 /* はりきっちゃう時のテーマ_low.mp3 */ = {isa = PBXFileReference; lastKnownFileType = audio.mp3; path = "はりきっちゃう時のテーマ_low.mp3"; sourceTree = "<group>"; };
		82772E572C6FCCE30015F654 /* 鳥のさえずり_low.mp3 */ = {isa = PBXFileReference; lastKnownFileType = audio.mp3; path = "鳥のさえずり_low.mp3"; sourceTree = "<group>"; };
		82772E582C6FCCE30015F654 /* mix_29s(1)_high.mp3 */ = {isa = PBXFileReference; lastKnownFileType = audio.mp3; path = "mix_29s(1)_high.mp3"; sourceTree = "<group>"; };
		82772E592C6FCCE30015F654 /* 聴いたら分かる目覚めたときから戦闘態勢に入れるやつ_medium.mp3 */ = {isa = PBXFileReference; lastKnownFileType = audio.mp3; path = "聴いたら分かる目覚めたときから戦闘態勢に入れるやつ_medium.mp3"; sourceTree = "<group>"; };
		82772E5A2C6FCCE40015F654 /* 爽やかな目覚まし音_medium.mp3 */ = {isa = PBXFileReference; lastKnownFileType = audio.mp3; path = "爽やかな目覚まし音_medium.mp3"; sourceTree = "<group>"; };
		82772E5B2C6FCCE40015F654 /* ふぐふぐ体操_high.mp3 */ = {isa = PBXFileReference; lastKnownFileType = audio.mp3; path = "ふぐふぐ体操_high.mp3"; sourceTree = "<group>"; };
		82772E5C2C6FCCE40015F654 /* 2_23_AM_low.mp3 */ = {isa = PBXFileReference; lastKnownFileType = audio.mp3; path = 2_23_AM_low.mp3; sourceTree = "<group>"; };
		82772E5D2C6FCCE40015F654 /* パステルハウス_low.mp3 */ = {isa = PBXFileReference; lastKnownFileType = audio.mp3; path = "パステルハウス_low.mp3"; sourceTree = "<group>"; };
		82772E5E2C6FCCE40015F654 /* ふぐふぐ体操_medium.mp3 */ = {isa = PBXFileReference; lastKnownFileType = audio.mp3; path = "ふぐふぐ体操_medium.mp3"; sourceTree = "<group>"; };
		82772E5F2C6FCCE40015F654 /* Morning_high.mp3 */ = {isa = PBXFileReference; lastKnownFileType = audio.mp3; path = Morning_high.mp3; sourceTree = "<group>"; };
		82772E602C6FCCE40015F654 /* 銅鑼の連打_low.mp3 */ = {isa = PBXFileReference; lastKnownFileType = audio.mp3; path = "銅鑼の連打_low.mp3"; sourceTree = "<group>"; };
		82772E612C6FCCE40015F654 /* 銅鑼の連打_medium.mp3 */ = {isa = PBXFileReference; lastKnownFileType = audio.mp3; path = "銅鑼の連打_medium.mp3"; sourceTree = "<group>"; };
		82772E622C6FCCE40015F654 /* 明るいアップビート着信音_high.mp3 */ = {isa = PBXFileReference; lastKnownFileType = audio.mp3; path = "明るいアップビート着信音_high.mp3"; sourceTree = "<group>"; };
		82772E632C6FCCE40015F654 /* 銅鑼の連打_high.mp3 */ = {isa = PBXFileReference; lastKnownFileType = audio.mp3; path = "銅鑼の連打_high.mp3"; sourceTree = "<group>"; };
		82772E642C6FCCE40015F654 /* デフォルト_high.mp3 */ = {isa = PBXFileReference; lastKnownFileType = audio.mp3; path = "デフォルト_high.mp3"; sourceTree = "<group>"; };
		82772E652C6FCCE40015F654 /* シンプルなアラーム音(2)_medium.mp3 */ = {isa = PBXFileReference; lastKnownFileType = audio.mp3; path = "シンプルなアラーム音(2)_medium.mp3"; sourceTree = "<group>"; };
		82772E662C6FCCE40015F654 /* mix_29s(1)_medium.mp3 */ = {isa = PBXFileReference; lastKnownFileType = audio.mp3; path = "mix_29s(1)_medium.mp3"; sourceTree = "<group>"; };
		82772E672C6FCCE40015F654 /* mix_29s(1)_low.mp3 */ = {isa = PBXFileReference; lastKnownFileType = audio.mp3; path = "mix_29s(1)_low.mp3"; sourceTree = "<group>"; };
		82772E682C6FCCE40015F654 /* 追いかけっこキャッハー_medium.mp3 */ = {isa = PBXFileReference; lastKnownFileType = audio.mp3; path = "追いかけっこキャッハー_medium.mp3"; sourceTree = "<group>"; };
		82772E692C6FCCE40015F654 /* デフォルト_medium.mp3 */ = {isa = PBXFileReference; lastKnownFileType = audio.mp3; path = "デフォルト_medium.mp3"; sourceTree = "<group>"; };
		82772E6A2C6FCCE40015F654 /* 2_23_AM_medium.mp3 */ = {isa = PBXFileReference; lastKnownFileType = audio.mp3; path = 2_23_AM_medium.mp3; sourceTree = "<group>"; };
		82772E6B2C6FCCE40015F654 /* ニワトリ_high.mp3 */ = {isa = PBXFileReference; lastKnownFileType = audio.mp3; path = "ニワトリ_high.mp3"; sourceTree = "<group>"; };
		82772E6C2C6FCCE50015F654 /* パステルハウス_high.mp3 */ = {isa = PBXFileReference; lastKnownFileType = audio.mp3; path = "パステルハウス_high.mp3"; sourceTree = "<group>"; };
		82772E6D2C6FCCE50015F654 /* 一斗缶をたたき続ける_high.mp3 */ = {isa = PBXFileReference; lastKnownFileType = audio.mp3; path = "一斗缶をたたき続ける_high.mp3"; sourceTree = "<group>"; };
		82772E6E2C6FCCE50015F654 /* mix_29s(2)_medium.mp3 */ = {isa = PBXFileReference; lastKnownFileType = audio.mp3; path = "mix_29s(2)_medium.mp3"; sourceTree = "<group>"; };
		82772E6F2C6FCCE50015F654 /* オルゴールのチャイム_high.mp3 */ = {isa = PBXFileReference; lastKnownFileType = audio.mp3; path = "オルゴールのチャイム_high.mp3"; sourceTree = "<group>"; };
		82772E702C6FCCE50015F654 /* 高音ビープアラーム音_high.mp3 */ = {isa = PBXFileReference; lastKnownFileType = audio.mp3; path = "高音ビープアラーム音_high.mp3"; sourceTree = "<group>"; };
		82772E712C6FCCE50015F654 /* 情動カタルシス_high.mp3 */ = {isa = PBXFileReference; lastKnownFileType = audio.mp3; path = "情動カタルシス_high.mp3"; sourceTree = "<group>"; };
		82772E722C6FCCE50015F654 /* 高音ビープアラーム音_low.mp3 */ = {isa = PBXFileReference; lastKnownFileType = audio.mp3; path = "高音ビープアラーム音_low.mp3"; sourceTree = "<group>"; };
		82772E732C6FCCE50015F654 /* 明るいアップビート着信音_medium.mp3 */ = {isa = PBXFileReference; lastKnownFileType = audio.mp3; path = "明るいアップビート着信音_medium.mp3"; sourceTree = "<group>"; };
		82772E742C6FCCE50015F654 /* 鳥のさえずり_medium.mp3 */ = {isa = PBXFileReference; lastKnownFileType = audio.mp3; path = "鳥のさえずり_medium.mp3"; sourceTree = "<group>"; };
		82772E752C6FCCE50015F654 /* オルゴールのチャイム_low.mp3 */ = {isa = PBXFileReference; lastKnownFileType = audio.mp3; path = "オルゴールのチャイム_low.mp3"; sourceTree = "<group>"; };
		82772E762C6FCCE50015F654 /* PiPiPiMorning_medium.mp3 */ = {isa = PBXFileReference; lastKnownFileType = audio.mp3; path = PiPiPiMorning_medium.mp3; sourceTree = "<group>"; };
		82772E772C6FCCE50015F654 /* はりきっちゃう時のテーマ_medium.mp3 */ = {isa = PBXFileReference; lastKnownFileType = audio.mp3; path = "はりきっちゃう時のテーマ_medium.mp3"; sourceTree = "<group>"; };
		82772E782C6FCCE50015F654 /* リコーダービート_high.mp3 */ = {isa = PBXFileReference; lastKnownFileType = audio.mp3; path = "リコーダービート_high.mp3"; sourceTree = "<group>"; };
		82772E792C6FCCE50015F654 /* PiPiPiMorning_high.mp3 */ = {isa = PBXFileReference; lastKnownFileType = audio.mp3; path = PiPiPiMorning_high.mp3; sourceTree = "<group>"; };
		82772E7A2C6FCCE50015F654 /* CLUB_DEEP_FOG_low.mp3 */ = {isa = PBXFileReference; lastKnownFileType = audio.mp3; path = CLUB_DEEP_FOG_low.mp3; sourceTree = "<group>"; };
		82772E7B2C6FCCE50015F654 /* パステルハウス_medium.mp3 */ = {isa = PBXFileReference; lastKnownFileType = audio.mp3; path = "パステルハウス_medium.mp3"; sourceTree = "<group>"; };
		82772E7C2C6FCCE50015F654 /* mix_29s(2)_low.mp3 */ = {isa = PBXFileReference; lastKnownFileType = audio.mp3; path = "mix_29s(2)_low.mp3"; sourceTree = "<group>"; };
		82772E7D2C6FCCE50015F654 /* マジカル着信音ループ_low.mp3 */ = {isa = PBXFileReference; lastKnownFileType = audio.mp3; path = "マジカル着信音ループ_low.mp3"; sourceTree = "<group>"; };
		82772E7E2C6FCCE50015F654 /* クラシックなアラーム_high.mp3 */ = {isa = PBXFileReference; lastKnownFileType = audio.mp3; path = "クラシックなアラーム_high.mp3"; sourceTree = "<group>"; };
		82772E7F2C6FCCE60015F654 /* デフォルト_low.mp3 */ = {isa = PBXFileReference; lastKnownFileType = audio.mp3; path = "デフォルト_low.mp3"; sourceTree = "<group>"; };
		82772E802C6FCCE60015F654 /* シンプルなアラーム音(1)_high.mp3 */ = {isa = PBXFileReference; lastKnownFileType = audio.mp3; path = "シンプルなアラーム音(1)_high.mp3"; sourceTree = "<group>"; };
		82772E812C6FCCE60015F654 /* リコーダービート_medium.mp3 */ = {isa = PBXFileReference; lastKnownFileType = audio.mp3; path = "リコーダービート_medium.mp3"; sourceTree = "<group>"; };
		82772E822C6FCCE60015F654 /* 一斗缶をたたき続ける_low.mp3 */ = {isa = PBXFileReference; lastKnownFileType = audio.mp3; path = "一斗缶をたたき続ける_low.mp3"; sourceTree = "<group>"; };
		82772E832C6FCCE60015F654 /* Morning_medium.mp3 */ = {isa = PBXFileReference; lastKnownFileType = audio.mp3; path = Morning_medium.mp3; sourceTree = "<group>"; };
		82772E842C6FCCE60015F654 /* 一斗缶をたたき続ける_medium.mp3 */ = {isa = PBXFileReference; lastKnownFileType = audio.mp3; path = "一斗缶をたたき続ける_medium.mp3"; sourceTree = "<group>"; };
		82772E852C6FCCE60015F654 /* リコーダービート_low.mp3 */ = {isa = PBXFileReference; lastKnownFileType = audio.mp3; path = "リコーダービート_low.mp3"; sourceTree = "<group>"; };
		82772E862C6FCCE60015F654 /* シンプルなアラーム音(1)_low.mp3 */ = {isa = PBXFileReference; lastKnownFileType = audio.mp3; path = "シンプルなアラーム音(1)_low.mp3"; sourceTree = "<group>"; };
		82772E872C6FCCE60015F654 /* Morning_low.mp3 */ = {isa = PBXFileReference; lastKnownFileType = audio.mp3; path = Morning_low.mp3; sourceTree = "<group>"; };
		82772E882C6FCCE60015F654 /* CLUB_DEEP_FOG_high.mp3 */ = {isa = PBXFileReference; lastKnownFileType = audio.mp3; path = CLUB_DEEP_FOG_high.mp3; sourceTree = "<group>"; };
		82772E892C6FCCE60015F654 /* 高音ビープアラーム音_medium.mp3 */ = {isa = PBXFileReference; lastKnownFileType = audio.mp3; path = "高音ビープアラーム音_medium.mp3"; sourceTree = "<group>"; };
		82772E8A2C6FCCE60015F654 /* 森の中の小鳥のさえずり_low.mp3 */ = {isa = PBXFileReference; lastKnownFileType = audio.mp3; path = "森の中の小鳥のさえずり_low.mp3"; sourceTree = "<group>"; };
		82772E8B2C6FCCE60015F654 /* 爽やかな目覚まし音_low.mp3 */ = {isa = PBXFileReference; lastKnownFileType = audio.mp3; path = "爽やかな目覚まし音_low.mp3"; sourceTree = "<group>"; };
		82772E8C2C6FCCE60015F654 /* デジタル目覚まし時計アラーム音_high.mp3 */ = {isa = PBXFileReference; lastKnownFileType = audio.mp3; path = "デジタル目覚まし時計アラーム音_high.mp3"; sourceTree = "<group>"; };
		82772E8D2C6FCCE60015F654 /* シンプルなアラーム音(1)_medium.mp3 */ = {isa = PBXFileReference; lastKnownFileType = audio.mp3; path = "シンプルなアラーム音(1)_medium.mp3"; sourceTree = "<group>"; };
		82772E8E2C6FCCE60015F654 /* デジタル目覚まし時計アラーム音_medium.mp3 */ = {isa = PBXFileReference; lastKnownFileType = audio.mp3; path = "デジタル目覚まし時計アラーム音_medium.mp3"; sourceTree = "<group>"; };
		82772E8F2C6FCCE60015F654 /* デジタル目覚まし時計アラーム音_low.mp3 */ = {isa = PBXFileReference; lastKnownFileType = audio.mp3; path = "デジタル目覚まし時計アラーム音_low.mp3"; sourceTree = "<group>"; };
		82772E902C6FCCE60015F654 /* 鳥のさえずり_high.mp3 */ = {isa = PBXFileReference; lastKnownFileType = audio.mp3; path = "鳥のさえずり_high.mp3"; sourceTree = "<group>"; };
		82772E912C6FCCE60015F654 /* 聴いたら分かる目覚めたときから戦闘態勢に入れるやつ_low.mp3 */ = {isa = PBXFileReference; lastKnownFileType = audio.mp3; path = "聴いたら分かる目覚めたときから戦闘態勢に入れるやつ_low.mp3"; sourceTree = "<group>"; };
		82772E922C6FCCE60015F654 /* 情動カタルシス_medium.mp3 */ = {isa = PBXFileReference; lastKnownFileType = audio.mp3; path = "情動カタルシス_medium.mp3"; sourceTree = "<group>"; };
		82772E932C6FCCE70015F654 /* 森の中の小鳥のさえずり_high.mp3 */ = {isa = PBXFileReference; lastKnownFileType = audio.mp3; path = "森の中の小鳥のさえずり_high.mp3"; sourceTree = "<group>"; };
		82772E942C6FCCE70015F654 /* 聴いたら分かる目覚めたときから戦闘態勢に入れるやつ_high.mp3 */ = {isa = PBXFileReference; lastKnownFileType = audio.mp3; path = "聴いたら分かる目覚めたときから戦闘態勢に入れるやつ_high.mp3"; sourceTree = "<group>"; };
		82772E952C6FCCE70015F654 /* 明るいアップビート着信音_low.mp3 */ = {isa = PBXFileReference; lastKnownFileType = audio.mp3; path = "明るいアップビート着信音_low.mp3"; sourceTree = "<group>"; };
		82772E962C6FCCE70015F654 /* 追いかけっこキャッハー_low.mp3 */ = {isa = PBXFileReference; lastKnownFileType = audio.mp3; path = "追いかけっこキャッハー_low.mp3"; sourceTree = "<group>"; };
		82772E972C6FCCE70015F654 /* ふぐふぐ体操_low.mp3 */ = {isa = PBXFileReference; lastKnownFileType = audio.mp3; path = "ふぐふぐ体操_low.mp3"; sourceTree = "<group>"; };
		82772E982C6FCCE70015F654 /* クラシックなアラーム_low.mp3 */ = {isa = PBXFileReference; lastKnownFileType = audio.mp3; path = "クラシックなアラーム_low.mp3"; sourceTree = "<group>"; };
		82772E992C6FCCE70015F654 /* シンプルなアラーム音(2)_high.mp3 */ = {isa = PBXFileReference; lastKnownFileType = audio.mp3; path = "シンプルなアラーム音(2)_high.mp3"; sourceTree = "<group>"; };
		82772E9A2C6FCCE70015F654 /* オルゴールのチャイム_medium.mp3 */ = {isa = PBXFileReference; lastKnownFileType = audio.mp3; path = "オルゴールのチャイム_medium.mp3"; sourceTree = "<group>"; };
		82772E9B2C6FCCE70015F654 /* 追いかけっこキャッハー_high.mp3 */ = {isa = PBXFileReference; lastKnownFileType = audio.mp3; path = "追いかけっこキャッハー_high.mp3"; sourceTree = "<group>"; };
		82772E9C2C6FCCE70015F654 /* クラシックなアラーム_medium.mp3 */ = {isa = PBXFileReference; lastKnownFileType = audio.mp3; path = "クラシックなアラーム_medium.mp3"; sourceTree = "<group>"; };
		82772E9D2C6FCCE70015F654 /* はりきっちゃう時のテーマ_high.mp3 */ = {isa = PBXFileReference; lastKnownFileType = audio.mp3; path = "はりきっちゃう時のテーマ_high.mp3"; sourceTree = "<group>"; };
		82772E9E2C6FCCE70015F654 /* マジカル着信音ループ_medium.mp3 */ = {isa = PBXFileReference; lastKnownFileType = audio.mp3; path = "マジカル着信音ループ_medium.mp3"; sourceTree = "<group>"; };
		82772E9F2C6FCCE70015F654 /* 2_23_AM_high.mp3 */ = {isa = PBXFileReference; lastKnownFileType = audio.mp3; path = 2_23_AM_high.mp3; sourceTree = "<group>"; };
		82772EA02C6FCCE70015F654 /* 森の中の小鳥のさえずり_medium.mp3 */ = {isa = PBXFileReference; lastKnownFileType = audio.mp3; path = "森の中の小鳥のさえずり_medium.mp3"; sourceTree = "<group>"; };
		82772EA12C6FCCE70015F654 /* ニワトリ_low.mp3 */ = {isa = PBXFileReference; lastKnownFileType = audio.mp3; path = "ニワトリ_low.mp3"; sourceTree = "<group>"; };
		82772EA22C6FCCE70015F654 /* 爽やかな目覚まし音_high.mp3 */ = {isa = PBXFileReference; lastKnownFileType = audio.mp3; path = "爽やかな目覚まし音_high.mp3"; sourceTree = "<group>"; };
		82772EA32C6FCCE70015F654 /* ニワトリ_medium.mp3 */ = {isa = PBXFileReference; lastKnownFileType = audio.mp3; path = "ニワトリ_medium.mp3"; sourceTree = "<group>"; };
		82772EA42C6FCCE70015F654 /* シンプルなアラーム音(2)_low.mp3 */ = {isa = PBXFileReference; lastKnownFileType = audio.mp3; path = "シンプルなアラーム音(2)_low.mp3"; sourceTree = "<group>"; };
		82772EA52C6FCCE80015F654 /* PiPiPiMorning_low.mp3 */ = {isa = PBXFileReference; lastKnownFileType = audio.mp3; path = PiPiPiMorning_low.mp3; sourceTree = "<group>"; };
		82772EA62C6FCCE80015F654 /* マジカル着信音ループ_high.mp3 */ = {isa = PBXFileReference; lastKnownFileType = audio.mp3; path = "マジカル着信音ループ_high.mp3"; sourceTree = "<group>"; };
		82772EA72C6FCCE80015F654 /* CLUB_DEEP_FOG_medium.mp3 */ = {isa = PBXFileReference; lastKnownFileType = audio.mp3; path = CLUB_DEEP_FOG_medium.mp3; sourceTree = "<group>"; };
		82772EA82C6FCCE80015F654 /* 情動カタルシス_low.mp3 */ = {isa = PBXFileReference; lastKnownFileType = audio.mp3; path = "情動カタルシス_low.mp3"; sourceTree = "<group>"; };
		82772EFD2C6FD3C40015F654 /* 野良猫は宇宙を目指した_low.mp3 */ = {isa = PBXFileReference; lastKnownFileType = audio.mp3; path = "野良猫は宇宙を目指した_low.mp3"; sourceTree = "<group>"; };
		82772EFE2C6FD3C40015F654 /* 野良猫は宇宙を目指した_medium.mp3 */ = {isa = PBXFileReference; lastKnownFileType = audio.mp3; path = "野良猫は宇宙を目指した_medium.mp3"; sourceTree = "<group>"; };
		82772EFF2C6FD3C40015F654 /* 野良猫は宇宙を目指した_high.mp3 */ = {isa = PBXFileReference; lastKnownFileType = audio.mp3; path = "野良猫は宇宙を目指した_high.mp3"; sourceTree = "<group>"; };
		82772F032C6FD7780015F654 /* ビジネス英単語.csv */ = {isa = PBXFileReference; fileEncoding = 4; lastKnownFileType = text; path = "ビジネス英単語.csv"; sourceTree = "<group>"; };
		82772F042C6FD7780015F654 /* 基礎英単語.csv */ = {isa = PBXFileReference; fileEncoding = 4; lastKnownFileType = text; path = "基礎英単語.csv"; sourceTree = "<group>"; };
		82772F052C6FD7780015F654 /* 学術英単語.csv */ = {isa = PBXFileReference; fileEncoding = 4; lastKnownFileType = text; path = "学術英単語.csv"; sourceTree = "<group>"; };
		82772F062C6FD7780015F654 /* TOEIC英単語.csv */ = {isa = PBXFileReference; fileEncoding = 4; lastKnownFileType = text; path = "TOEIC英単語.csv"; sourceTree = "<group>"; };
		827A15982C176053003B4468 /* Mission.swift */ = {isa = PBXFileReference; lastKnownFileType = sourcecode.swift; path = Mission.swift; sourceTree = "<group>"; };
		827A159A2C176077003B4468 /* GPT.swift */ = {isa = PBXFileReference; lastKnownFileType = sourcecode.swift; path = GPT.swift; sourceTree = "<group>"; };
		827A159C2C176087003B4468 /* Home.swift */ = {isa = PBXFileReference; lastKnownFileType = sourcecode.swift; path = Home.swift; sourceTree = "<group>"; };
		827AE3B32C1886A300DABD95 /* ビジネス英単語（BSL）.csv */ = {isa = PBXFileReference; fileEncoding = 4; lastKnownFileType = text; path = "ビジネス英単語（BSL）.csv"; sourceTree = SOURCE_ROOT; };
		828A07DC2C1959C90008A956 /* .gitignore */ = {isa = PBXFileReference; fileEncoding = 4; lastKnownFileType = text; path = .gitignore; sourceTree = SOURCE_ROOT; };
		828A07DE2C1994070008A956 /* Config.swift */ = {isa = PBXFileReference; lastKnownFileType = sourcecode.swift; path = Config.swift; sourceTree = "<group>"; };
		828A07E02C19DE7A0008A956 /* GPT_audio.swift */ = {isa = PBXFileReference; lastKnownFileType = sourcecode.swift; path = GPT_audio.swift; sourceTree = "<group>"; };
		8292006B2C469B2200C96C30 /* ItemState.swift */ = {isa = PBXFileReference; lastKnownFileType = sourcecode.swift; path = ItemState.swift; sourceTree = "<group>"; };
		8292006F2C469F3600C96C30 /* Gacha.sks */ = {isa = PBXFileReference; lastKnownFileType = file.sks; path = Gacha.sks; sourceTree = "<group>"; };
		829200732C46A81600C96C30 /* Gacha.swift */ = {isa = PBXFileReference; lastKnownFileType = sourcecode.swift; path = Gacha.swift; sourceTree = "<group>"; };
		8292007F2C4777B300C96C30 /* RainParticle.sks */ = {isa = PBXFileReference; lastKnownFileType = file.sks; path = RainParticle.sks; sourceTree = "<group>"; };
		829200942C47A20D00C96C30 /* UIGIFImageView.swift */ = {isa = PBXFileReference; lastKnownFileType = sourcecode.swift; path = UIGIFImageView.swift; sourceTree = "<group>"; };
		829200962C47A24100C96C30 /* GIFImage.swift */ = {isa = PBXFileReference; lastKnownFileType = sourcecode.swift; path = GIFImage.swift; sourceTree = "<group>"; };
		829200A62C4821F300C96C30 /* GachaGif.swift */ = {isa = PBXFileReference; lastKnownFileType = sourcecode.swift; path = GachaGif.swift; sourceTree = "<group>"; };
		829200A82C4825A400C96C30 /* Collection.swift */ = {isa = PBXFileReference; lastKnownFileType = sourcecode.swift; path = Collection.swift; sourceTree = "<group>"; };
		829A599E2C1635B2002D7DA3 /* 朝単-英単語アラーム.app */ = {isa = PBXFileReference; explicitFileType = wrapper.application; includeInIndex = 0; path = "朝単-英単語アラーム.app"; sourceTree = BUILT_PRODUCTS_DIR; };
		829A59A12C1635B2002D7DA3 /* WakeMeUpApp.swift */ = {isa = PBXFileReference; lastKnownFileType = sourcecode.swift; path = WakeMeUpApp.swift; sourceTree = "<group>"; };
		829A59A32C1635B2002D7DA3 /* ContentView.swift */ = {isa = PBXFileReference; lastKnownFileType = sourcecode.swift; path = ContentView.swift; sourceTree = "<group>"; };
		829A59A52C1635B3002D7DA3 /* Assets.xcassets */ = {isa = PBXFileReference; lastKnownFileType = folder.assetcatalog; path = Assets.xcassets; sourceTree = "<group>"; };
		829A59A82C1635B3002D7DA3 /* Preview Assets.xcassets */ = {isa = PBXFileReference; lastKnownFileType = folder.assetcatalog; path = "Preview Assets.xcassets"; sourceTree = "<group>"; };
		829A59AE2C1635B3002D7DA3 /* WakeMeUpTests.xctest */ = {isa = PBXFileReference; explicitFileType = wrapper.cfbundle; includeInIndex = 0; path = WakeMeUpTests.xctest; sourceTree = BUILT_PRODUCTS_DIR; };
		829A59B22C1635B3002D7DA3 /* WakeMeUpTests.swift */ = {isa = PBXFileReference; lastKnownFileType = sourcecode.swift; path = WakeMeUpTests.swift; sourceTree = "<group>"; };
		829A59B82C1635B3002D7DA3 /* WakeMeUpUITests.xctest */ = {isa = PBXFileReference; explicitFileType = wrapper.cfbundle; includeInIndex = 0; path = WakeMeUpUITests.xctest; sourceTree = BUILT_PRODUCTS_DIR; };
		829A59BC2C1635B3002D7DA3 /* WakeMeUpUITests.swift */ = {isa = PBXFileReference; lastKnownFileType = sourcecode.swift; path = WakeMeUpUITests.swift; sourceTree = "<group>"; };
		829A59BE2C1635B3002D7DA3 /* WakeMeUpUITestsLaunchTests.swift */ = {isa = PBXFileReference; lastKnownFileType = sourcecode.swift; path = WakeMeUpUITestsLaunchTests.swift; sourceTree = "<group>"; };
		829A59CB2C163ECD002D7DA3 /* audio.swift */ = {isa = PBXFileReference; lastKnownFileType = sourcecode.swift; path = audio.swift; sourceTree = "<group>"; };
		82FE14152C63EFEE0023CC8B /* Answer.mp3 */ = {isa = PBXFileReference; lastKnownFileType = audio.mp3; name = Answer.mp3; path = "../../アラーム音源/Answer.mp3"; sourceTree = "<group>"; };
		82FE14282C63F0A60023CC8B /* AdMob.swift */ = {isa = PBXFileReference; lastKnownFileType = sourcecode.swift; path = AdMob.swift; sourceTree = "<group>"; };
		82FE142A2C649F9F0023CC8B /* MissionSectionSelect.swift */ = {isa = PBXFileReference; lastKnownFileType = sourcecode.swift; path = MissionSectionSelect.swift; sourceTree = "<group>"; };
		82FE142C2C64B0E80023CC8B /* no.mp3 */ = {isa = PBXFileReference; lastKnownFileType = audio.mp3; name = no.mp3; path = ../../Downloads/no.mp3; sourceTree = "<group>"; };
		82FE142E2C64B62B0023CC8B /* StatusSectionSelect.swift */ = {isa = PBXFileReference; lastKnownFileType = sourcecode.swift; path = StatusSectionSelect.swift; sourceTree = "<group>"; };
		82FE14302C67544A0023CC8B /* Exchange.swift */ = {isa = PBXFileReference; lastKnownFileType = sourcecode.swift; path = Exchange.swift; sourceTree = "<group>"; };
		82FE159E2C6B39140023CC8B /* Onboarding.swift */ = {isa = PBXFileReference; lastKnownFileType = sourcecode.swift; path = Onboarding.swift; sourceTree = "<group>"; };
		82FE15A02C6EE6CF0023CC8B /* CollectionImage.swift */ = {isa = PBXFileReference; lastKnownFileType = sourcecode.swift; path = CollectionImage.swift; sourceTree = "<group>"; };
		82FE15AA2C6F9A500023CC8B /* Gacha.mp3 */ = {isa = PBXFileReference; lastKnownFileType = audio.mp3; path = Gacha.mp3; sourceTree = "<group>"; };
		82FE15AC2C6FA4D80023CC8B /* Gacha2.mp3 */ = {isa = PBXFileReference; lastKnownFileType = audio.mp3; path = Gacha2.mp3; sourceTree = "<group>"; };
		82FE15AE2C6FB65E0023CC8B /* HowToUse.swift */ = {isa = PBXFileReference; lastKnownFileType = sourcecode.swift; path = HowToUse.swift; sourceTree = "<group>"; };
		8BF874ECC64D0D887640BD3A /* Pods_WakeMeUp.framework */ = {isa = PBXFileReference; explicitFileType = wrapper.framework; includeInIndex = 0; path = Pods_WakeMeUp.framework; sourceTree = BUILT_PRODUCTS_DIR; };
		8DAFDD1C15A64C9DD5046EC1 /* Pods-WakeMeUp.debug.xcconfig */ = {isa = PBXFileReference; includeInIndex = 1; lastKnownFileType = text.xcconfig; name = "Pods-WakeMeUp.debug.xcconfig"; path = "Target Support Files/Pods-WakeMeUp/Pods-WakeMeUp.debug.xcconfig"; sourceTree = "<group>"; };
		9C89F8C8FCE0B7065FCB10EF /* Pods-朝単-英単語アラーム.release.xcconfig */ = {isa = PBXFileReference; includeInIndex = 1; lastKnownFileType = text.xcconfig; name = "Pods-朝単-英単語アラーム.release.xcconfig"; path = "Target Support Files/Pods-朝単-英単語アラーム/Pods-朝単-英単語アラーム.release.xcconfig"; sourceTree = "<group>"; };
		E6AC68C40F538EBA184F2C5B /* Pods-朝単-英単語アラーム.debug.xcconfig */ = {isa = PBXFileReference; includeInIndex = 1; lastKnownFileType = text.xcconfig; name = "Pods-朝単-英単語アラーム.debug.xcconfig"; path = "Target Support Files/Pods-朝単-英単語アラーム/Pods-朝単-英単語アラーム.debug.xcconfig"; sourceTree = "<group>"; };
/* End PBXFileReference section */

/* Begin PBXFrameworksBuildPhase section */
		829A599B2C1635B2002D7DA3 /* Frameworks */ = {
			isa = PBXFrameworksBuildPhase;
			buildActionMask = 2147483647;
			files = (
				824D789D2C1A103C0070D045 /* CoreAudio.framework in Frameworks */,
				829200932C47A03300C96C30 /* SwiftyGif in Frameworks */,
				82053D8E2C188F3300D2D191 /* SwiftCSV in Frameworks */,
				828A07D92C1956270008A956 /* Alamofire in Frameworks */,
				BE27B1C6E42E24EAB0C652AD /* Pods_WakeMeUp.framework in Frameworks */,
			);
			runOnlyForDeploymentPostprocessing = 0;
		};
		829A59AB2C1635B3002D7DA3 /* Frameworks */ = {
			isa = PBXFrameworksBuildPhase;
			buildActionMask = 2147483647;
			files = (
			);
			runOnlyForDeploymentPostprocessing = 0;
		};
		829A59B52C1635B3002D7DA3 /* Frameworks */ = {
			isa = PBXFrameworksBuildPhase;
			buildActionMask = 2147483647;
			files = (
			);
			runOnlyForDeploymentPostprocessing = 0;
		};
/* End PBXFrameworksBuildPhase section */

/* Begin PBXGroup section */
		77C05A7081B4B162CB5D45B8 /* Pods */ = {
			isa = PBXGroup;
			children = (
				E6AC68C40F538EBA184F2C5B /* Pods-朝単-英単語アラーム.debug.xcconfig */,
				9C89F8C8FCE0B7065FCB10EF /* Pods-朝単-英単語アラーム.release.xcconfig */,
				8DAFDD1C15A64C9DD5046EC1 /* Pods-WakeMeUp.debug.xcconfig */,
				6346B2490E7BCC2DC5586107 /* Pods-WakeMeUp.release.xcconfig */,
			);
			path = Pods;
			sourceTree = "<group>";
		};
		82053D8C2C188F3300D2D191 /* Frameworks */ = {
			isa = PBXGroup;
			children = (
				8272A59C2C4584AE006697E1 /* swift-package-manager-google-user-messaging-platform */,
				824D789C2C1A103C0070D045 /* CoreAudio.framework */,
				824D789A2C1A0F0B0070D045 /* CoreAudioTypes.framework */,
				8BF874ECC64D0D887640BD3A /* Pods_WakeMeUp.framework */,
			);
			name = Frameworks;
			sourceTree = "<group>";
		};
		829A59952C1635B2002D7DA3 = {
			isa = PBXGroup;
			children = (
				829A59A02C1635B2002D7DA3 /* WakeMeUp */,
				829A59B12C1635B3002D7DA3 /* WakeMeUpTests */,
				829A59BB2C1635B3002D7DA3 /* WakeMeUpUITests */,
				829A599F2C1635B2002D7DA3 /* Products */,
				82053D8C2C188F3300D2D191 /* Frameworks */,
				77C05A7081B4B162CB5D45B8 /* Pods */,
			);
			sourceTree = "<group>";
		};
		829A599F2C1635B2002D7DA3 /* Products */ = {
			isa = PBXGroup;
			children = (
				829A599E2C1635B2002D7DA3 /* 朝単-英単語アラーム.app */,
				829A59AE2C1635B3002D7DA3 /* WakeMeUpTests.xctest */,
				829A59B82C1635B3002D7DA3 /* WakeMeUpUITests.xctest */,
			);
			name = Products;
			sourceTree = "<group>";
		};
		829A59A02C1635B2002D7DA3 /* WakeMeUp */ = {
			isa = PBXGroup;
			children = (
				828A07DC2C1959C90008A956 /* .gitignore */,
				821FD6A42C33E64300F445C7 /* Launch Screen.storyboard */,
				82FE159E2C6B39140023CC8B /* Onboarding.swift */,
				829A59A12C1635B2002D7DA3 /* WakeMeUpApp.swift */,
				821FD6B62C37E2A900F445C7 /* AppDelegate.swift */,
				829A59A32C1635B2002D7DA3 /* ContentView.swift */,
				3483CF722C2BC37800FA5BD3 /* AlarmLandingView.swift */,
				821FD6A82C358F0F00F445C7 /* HomeMission.swift */,
				82FE142A2C649F9F0023CC8B /* MissionSectionSelect.swift */,
				827A15982C176053003B4468 /* Mission.swift */,
				821FD6A02C3313CC00F445C7 /* MissionClear.swift */,
				821FD69E2C329F8100F445C7 /* MissionState.swift */,
				8232E88D2C3BF23400D1BF22 /* AlarmStore.swift */,
				8292006B2C469B2200C96C30 /* ItemState.swift */,
				821FD69C2C32741900F445C7 /* Status.swift */,
				82FE15AA2C6F9A500023CC8B /* Gacha.mp3 */,
				82FE15AC2C6FA4D80023CC8B /* Gacha2.mp3 */,
				3483CF742C2BFE8600FA5BD3 /* AlarmListView.swift */,
				8232E88F2C3BF29C00D1BF22 /* AlarmSettingView.swift */,
				34EB07032C18B94800535988 /* AlarmData.swift */,
				341C36542C2B3035009F9594 /* AddAlarmView.swift */,
				8272A5972C44E2F7006697E1 /* Sound.swift */,
				82FE142E2C64B62B0023CC8B /* StatusSectionSelect.swift */,
				829A59CB2C163ECD002D7DA3 /* audio.swift */,
				82FE15A02C6EE6CF0023CC8B /* CollectionImage.swift */,
				829200A82C4825A400C96C30 /* Collection.swift */,
				829200732C46A81600C96C30 /* Gacha.swift */,
				829200A62C4821F300C96C30 /* GachaGif.swift */,
				82FE14302C67544A0023CC8B /* Exchange.swift */,
				3483CF762C2BFEA400FA5BD3 /* SettingsView.swift */,
				82FE15AE2C6FB65E0023CC8B /* HowToUse.swift */,
				82FE14282C63F0A60023CC8B /* AdMob.swift */,
				829A59A52C1635B3002D7DA3 /* Assets.xcassets */,
				82772E9F2C6FCCE70015F654 /* 2_23_AM_high.mp3 */,
				82772E5C2C6FCCE40015F654 /* 2_23_AM_low.mp3 */,
				82772E6A2C6FCCE40015F654 /* 2_23_AM_medium.mp3 */,
				82772E882C6FCCE60015F654 /* CLUB_DEEP_FOG_high.mp3 */,
				82772E7A2C6FCCE50015F654 /* CLUB_DEEP_FOG_low.mp3 */,
				82772EA72C6FCCE80015F654 /* CLUB_DEEP_FOG_medium.mp3 */,
				82772E582C6FCCE30015F654 /* mix_29s(1)_high.mp3 */,
				82772E672C6FCCE40015F654 /* mix_29s(1)_low.mp3 */,
				82772E662C6FCCE40015F654 /* mix_29s(1)_medium.mp3 */,
				82772E552C6FCCE30015F654 /* mix_29s(2)_high.mp3 */,
				82772E7C2C6FCCE50015F654 /* mix_29s(2)_low.mp3 */,
				82772E6E2C6FCCE50015F654 /* mix_29s(2)_medium.mp3 */,
				82772E5F2C6FCCE40015F654 /* Morning_high.mp3 */,
				82772E872C6FCCE60015F654 /* Morning_low.mp3 */,
				82772E832C6FCCE60015F654 /* Morning_medium.mp3 */,
				82772E792C6FCCE50015F654 /* PiPiPiMorning_high.mp3 */,
				82772EA52C6FCCE80015F654 /* PiPiPiMorning_low.mp3 */,
				82772E762C6FCCE50015F654 /* PiPiPiMorning_medium.mp3 */,
				82772EFF2C6FD3C40015F654 /* 野良猫は宇宙を目指した_high.mp3 */,
				82772EFD2C6FD3C40015F654 /* 野良猫は宇宙を目指した_low.mp3 */,
				82772EFE2C6FD3C40015F654 /* 野良猫は宇宙を目指した_medium.mp3 */,
				82772E6F2C6FCCE50015F654 /* オルゴールのチャイム_high.mp3 */,
				82772E752C6FCCE50015F654 /* オルゴールのチャイム_low.mp3 */,
				82772E9A2C6FCCE70015F654 /* オルゴールのチャイム_medium.mp3 */,
				82772E7E2C6FCCE50015F654 /* クラシックなアラーム_high.mp3 */,
				82772E982C6FCCE70015F654 /* クラシックなアラーム_low.mp3 */,
				82772E9C2C6FCCE70015F654 /* クラシックなアラーム_medium.mp3 */,
				82772E992C6FCCE70015F654 /* シンプルなアラーム音(2)_high.mp3 */,
				82772EA42C6FCCE70015F654 /* シンプルなアラーム音(2)_low.mp3 */,
				82772E652C6FCCE40015F654 /* シンプルなアラーム音(2)_medium.mp3 */,
				82772E802C6FCCE60015F654 /* シンプルなアラーム音(1)_high.mp3 */,
				82772E862C6FCCE60015F654 /* シンプルなアラーム音(1)_low.mp3 */,
				82772E8D2C6FCCE60015F654 /* シンプルなアラーム音(1)_medium.mp3 */,
				82772E642C6FCCE40015F654 /* デフォルト_high.mp3 */,
				82772E7F2C6FCCE60015F654 /* デフォルト_low.mp3 */,
				82772E692C6FCCE40015F654 /* デフォルト_medium.mp3 */,
				82772E8C2C6FCCE60015F654 /* デジタル目覚まし時計アラーム音_high.mp3 */,
				82772E8F2C6FCCE60015F654 /* デジタル目覚まし時計アラーム音_low.mp3 */,
				82772E8E2C6FCCE60015F654 /* デジタル目覚まし時計アラーム音_medium.mp3 */,
				82772E6B2C6FCCE40015F654 /* ニワトリ_high.mp3 */,
				82772EA12C6FCCE70015F654 /* ニワトリ_low.mp3 */,
				82772EA32C6FCCE70015F654 /* ニワトリ_medium.mp3 */,
				82772E6C2C6FCCE50015F654 /* パステルハウス_high.mp3 */,
				82772E5D2C6FCCE40015F654 /* パステルハウス_low.mp3 */,
				82772E7B2C6FCCE50015F654 /* パステルハウス_medium.mp3 */,
				82772E9D2C6FCCE70015F654 /* はりきっちゃう時のテーマ_high.mp3 */,
				82772E562C6FCCE30015F654 /* はりきっちゃう時のテーマ_low.mp3 */,
				82772E772C6FCCE50015F654 /* はりきっちゃう時のテーマ_medium.mp3 */,
				82772E5B2C6FCCE40015F654 /* ふぐふぐ体操_high.mp3 */,
				82772E972C6FCCE70015F654 /* ふぐふぐ体操_low.mp3 */,
				82772E5E2C6FCCE40015F654 /* ふぐふぐ体操_medium.mp3 */,
				82772EA62C6FCCE80015F654 /* マジカル着信音ループ_high.mp3 */,
				82772E7D2C6FCCE50015F654 /* マジカル着信音ループ_low.mp3 */,
				82772E9E2C6FCCE70015F654 /* マジカル着信音ループ_medium.mp3 */,
				82772E782C6FCCE50015F654 /* リコーダービート_high.mp3 */,
				82772E852C6FCCE60015F654 /* リコーダービート_low.mp3 */,
				82772E812C6FCCE60015F654 /* リコーダービート_medium.mp3 */,
				82772E6D2C6FCCE50015F654 /* 一斗缶をたたき続ける_high.mp3 */,
				82772E822C6FCCE60015F654 /* 一斗缶をたたき続ける_low.mp3 */,
				82772E842C6FCCE60015F654 /* 一斗缶をたたき続ける_medium.mp3 */,
				82772E702C6FCCE50015F654 /* 高音ビープアラーム音_high.mp3 */,
				82772E722C6FCCE50015F654 /* 高音ビープアラーム音_low.mp3 */,
				82772E892C6FCCE60015F654 /* 高音ビープアラーム音_medium.mp3 */,
				82772E712C6FCCE50015F654 /* 情動カタルシス_high.mp3 */,
				82772EA82C6FCCE80015F654 /* 情動カタルシス_low.mp3 */,
				82772E922C6FCCE60015F654 /* 情動カタルシス_medium.mp3 */,
				82772E932C6FCCE70015F654 /* 森の中の小鳥のさえずり_high.mp3 */,
				82772E8A2C6FCCE60015F654 /* 森の中の小鳥のさえずり_low.mp3 */,
				82772EA02C6FCCE70015F654 /* 森の中の小鳥のさえずり_medium.mp3 */,
				82772EA22C6FCCE70015F654 /* 爽やかな目覚まし音_high.mp3 */,
				82772E8B2C6FCCE60015F654 /* 爽やかな目覚まし音_low.mp3 */,
				82772E5A2C6FCCE40015F654 /* 爽やかな目覚まし音_medium.mp3 */,
				82772E942C6FCCE70015F654 /* 聴いたら分かる目覚めたときから戦闘態勢に入れるやつ_high.mp3 */,
				82772E912C6FCCE60015F654 /* 聴いたら分かる目覚めたときから戦闘態勢に入れるやつ_low.mp3 */,
				82772E592C6FCCE30015F654 /* 聴いたら分かる目覚めたときから戦闘態勢に入れるやつ_medium.mp3 */,
				82772E902C6FCCE60015F654 /* 鳥のさえずり_high.mp3 */,
				82772E572C6FCCE30015F654 /* 鳥のさえずり_low.mp3 */,
				82772E742C6FCCE50015F654 /* 鳥のさえずり_medium.mp3 */,
				82772E9B2C6FCCE70015F654 /* 追いかけっこキャッハー_high.mp3 */,
				82772E962C6FCCE70015F654 /* 追いかけっこキャッハー_low.mp3 */,
				82772E682C6FCCE40015F654 /* 追いかけっこキャッハー_medium.mp3 */,
				82772E632C6FCCE40015F654 /* 銅鑼の連打_high.mp3 */,
				82772E602C6FCCE40015F654 /* 銅鑼の連打_low.mp3 */,
				82772E612C6FCCE40015F654 /* 銅鑼の連打_medium.mp3 */,
				82772E622C6FCCE40015F654 /* 明るいアップビート着信音_high.mp3 */,
				82772E952C6FCCE70015F654 /* 明るいアップビート着信音_low.mp3 */,
				82772E732C6FCCE50015F654 /* 明るいアップビート着信音_medium.mp3 */,
				82772F062C6FD7780015F654 /* TOEIC英単語.csv */,
				82772F032C6FD7780015F654 /* ビジネス英単語.csv */,
				82772F052C6FD7780015F654 /* 学術英単語.csv */,
				82772F042C6FD7780015F654 /* 基礎英単語.csv */,
				829200962C47A24100C96C30 /* GIFImage.swift */,
				829200942C47A20D00C96C30 /* UIGIFImageView.swift */,
				8292007F2C4777B300C96C30 /* RainParticle.sks */,
				827A159C2C176087003B4468 /* Home.swift */,
				824D789E2C1C61BC0070D045 /* Whisper.swift */,
				827A159A2C176077003B4468 /* GPT.swift */,
				828A07E02C19DE7A0008A956 /* GPT_audio.swift */,
				828A07DE2C1994070008A956 /* Config.swift */,
				829A59A72C1635B3002D7DA3 /* Preview Content */,
				821FD6A62C34503E00F445C7 /* test.swift */,
				8232E8912C3FE08A00D1BF22 /* keep.swift */,
				8292006F2C469F3600C96C30 /* Gacha.sks */,
				82FE142C2C64B0E80023CC8B /* no.mp3 */,
				82FE14152C63EFEE0023CC8B /* Answer.mp3 */,
			);
			path = WakeMeUp;
			sourceTree = "<group>";
		};
		829A59A72C1635B3002D7DA3 /* Preview Content */ = {
			isa = PBXGroup;
			children = (
				829A59A82C1635B3002D7DA3 /* Preview Assets.xcassets */,
			);
			path = "Preview Content";
			sourceTree = "<group>";
		};
		829A59B12C1635B3002D7DA3 /* WakeMeUpTests */ = {
			isa = PBXGroup;
			children = (
				829A59B22C1635B3002D7DA3 /* WakeMeUpTests.swift */,
			);
			path = WakeMeUpTests;
			sourceTree = "<group>";
		};
		829A59BB2C1635B3002D7DA3 /* WakeMeUpUITests */ = {
			isa = PBXGroup;
			children = (
				827AE3B32C1886A300DABD95 /* ビジネス英単語（BSL）.csv */,
				829A59BC2C1635B3002D7DA3 /* WakeMeUpUITests.swift */,
				829A59BE2C1635B3002D7DA3 /* WakeMeUpUITestsLaunchTests.swift */,
			);
			path = WakeMeUpUITests;
			sourceTree = "<group>";
		};
/* End PBXGroup section */

/* Begin PBXNativeTarget section */
		829A599D2C1635B2002D7DA3 /* 朝単-英単語アラーム */ = {
			isa = PBXNativeTarget;
			buildConfigurationList = 829A59C22C1635B3002D7DA3 /* Build configuration list for PBXNativeTarget "朝単-英単語アラーム" */;
			buildPhases = (
				FDFD560E09EC82A55EF67182 /* [CP] Check Pods Manifest.lock */,
				829A599A2C1635B2002D7DA3 /* Sources */,
				829A599B2C1635B2002D7DA3 /* Frameworks */,
				829A599C2C1635B2002D7DA3 /* Resources */,
				4D02EFBB4F3A87113FED2330 /* [CP] Copy Pods Resources */,
			);
			buildRules = (
			);
			dependencies = (
			);
			name = "朝単-英単語アラーム";
			packageProductDependencies = (
				82053D8D2C188F3300D2D191 /* SwiftCSV */,
				828A07D82C1956270008A956 /* Alamofire */,
				829200922C47A03300C96C30 /* SwiftyGif */,
			);
			productName = WakeMeUp;
			productReference = 829A599E2C1635B2002D7DA3 /* 朝単-英単語アラーム.app */;
			productType = "com.apple.product-type.application";
		};
		829A59AD2C1635B3002D7DA3 /* WakeMeUpTests */ = {
			isa = PBXNativeTarget;
			buildConfigurationList = 829A59C52C1635B3002D7DA3 /* Build configuration list for PBXNativeTarget "WakeMeUpTests" */;
			buildPhases = (
				829A59AA2C1635B3002D7DA3 /* Sources */,
				829A59AB2C1635B3002D7DA3 /* Frameworks */,
				829A59AC2C1635B3002D7DA3 /* Resources */,
			);
			buildRules = (
			);
			dependencies = (
				829A59B02C1635B3002D7DA3 /* PBXTargetDependency */,
			);
			name = WakeMeUpTests;
			productName = WakeMeUpTests;
			productReference = 829A59AE2C1635B3002D7DA3 /* WakeMeUpTests.xctest */;
			productType = "com.apple.product-type.bundle.unit-test";
		};
		829A59B72C1635B3002D7DA3 /* WakeMeUpUITests */ = {
			isa = PBXNativeTarget;
			buildConfigurationList = 829A59C82C1635B3002D7DA3 /* Build configuration list for PBXNativeTarget "WakeMeUpUITests" */;
			buildPhases = (
				829A59B42C1635B3002D7DA3 /* Sources */,
				829A59B52C1635B3002D7DA3 /* Frameworks */,
				829A59B62C1635B3002D7DA3 /* Resources */,
			);
			buildRules = (
			);
			dependencies = (
				829A59BA2C1635B3002D7DA3 /* PBXTargetDependency */,
			);
			name = WakeMeUpUITests;
			productName = WakeMeUpUITests;
			productReference = 829A59B82C1635B3002D7DA3 /* WakeMeUpUITests.xctest */;
			productType = "com.apple.product-type.bundle.ui-testing";
		};
/* End PBXNativeTarget section */

/* Begin PBXProject section */
		829A59962C1635B2002D7DA3 /* Project object */ = {
			isa = PBXProject;
			attributes = {
				BuildIndependentTargetsInParallel = 1;
				LastSwiftUpdateCheck = 1540;
				LastUpgradeCheck = 1540;
				TargetAttributes = {
					829A599D2C1635B2002D7DA3 = {
						CreatedOnToolsVersion = 15.4;
					};
					829A59AD2C1635B3002D7DA3 = {
						CreatedOnToolsVersion = 15.4;
						TestTargetID = 829A599D2C1635B2002D7DA3;
					};
					829A59B72C1635B3002D7DA3 = {
						CreatedOnToolsVersion = 15.4;
						TestTargetID = 829A599D2C1635B2002D7DA3;
					};
				};
			};
			buildConfigurationList = 829A59992C1635B2002D7DA3 /* Build configuration list for PBXProject "WakeMeUp" */;
			compatibilityVersion = "Xcode 14.0";
			developmentRegion = en;
			hasScannedForEncodings = 0;
			knownRegions = (
				en,
				Base,
			);
			mainGroup = 829A59952C1635B2002D7DA3;
			packageReferences = (
				82053D8B2C188D7F00D2D191 /* XCRemoteSwiftPackageReference "SwiftCSV" */,
				828A07D72C1955A50008A956 /* XCRemoteSwiftPackageReference "Alamofire" */,
				829200912C479FEB00C96C30 /* XCRemoteSwiftPackageReference "SwiftyGif" */,
			);
			productRefGroup = 829A599F2C1635B2002D7DA3 /* Products */;
			projectDirPath = "";
			projectRoot = "";
			targets = (
				829A599D2C1635B2002D7DA3 /* 朝単-英単語アラーム */,
				829A59AD2C1635B3002D7DA3 /* WakeMeUpTests */,
				829A59B72C1635B3002D7DA3 /* WakeMeUpUITests */,
			);
		};
/* End PBXProject section */

/* Begin PBXResourcesBuildPhase section */
		829A599C2C1635B2002D7DA3 /* Resources */ = {
			isa = PBXResourcesBuildPhase;
			buildActionMask = 2147483647;
			files = (
				82772EDC2C6FCCE80015F654 /* CLUB_DEEP_FOG_high.mp3 in Resources */,
				82772EBB2C6FCCE80015F654 /* mix_29s(1)_low.mp3 in Resources */,
				82772EE42C6FCCE80015F654 /* 鳥のさえずり_high.mp3 in Resources */,
				82772EB62C6FCCE80015F654 /* 明るいアップビート着信音_high.mp3 in Resources */,
				82772EC92C6FCCE80015F654 /* オルゴールのチャイム_low.mp3 in Resources */,
				82772ED72C6FCCE80015F654 /* Morning_medium.mp3 in Resources */,
				82772EC62C6FCCE80015F654 /* 高音ビープアラーム音_low.mp3 in Resources */,
				828A07DD2C1959C90008A956 /* .gitignore in Resources */,
				82772EB02C6FCCE80015F654 /* 2_23_AM_low.mp3 in Resources */,
				82772EED2C6FCCE80015F654 /* シンプルなアラーム音(2)_high.mp3 in Resources */,
				82772EAB2C6FCCE80015F654 /* 鳥のさえずり_low.mp3 in Resources */,
				82772F092C6FD7780015F654 /* 学術英単語.csv in Resources */,
				82772ECF2C6FCCE80015F654 /* パステルハウス_medium.mp3 in Resources */,
				82772ECD2C6FCCE80015F654 /* PiPiPiMorning_high.mp3 in Resources */,
				829200702C469F3600C96C30 /* Gacha.sks in Resources */,
				82772EE22C6FCCE80015F654 /* デジタル目覚まし時計アラーム音_medium.mp3 in Resources */,
				829A59A92C1635B3002D7DA3 /* Preview Assets.xcassets in Resources */,
				82FE15AD2C6FA4D80023CC8B /* Gacha2.mp3 in Resources */,
				82772EB92C6FCCE80015F654 /* シンプルなアラーム音(2)_medium.mp3 in Resources */,
				82FE14252C63EFEE0023CC8B /* Answer.mp3 in Resources */,
				82772EAF2C6FCCE80015F654 /* ふぐふぐ体操_high.mp3 in Resources */,
				821FD6A52C33E64300F445C7 /* Launch Screen.storyboard in Resources */,
				82772EEC2C6FCCE80015F654 /* クラシックなアラーム_low.mp3 in Resources */,
				82772EC52C6FCCE80015F654 /* 情動カタルシス_high.mp3 in Resources */,
				82772EDE2C6FCCE80015F654 /* 森の中の小鳥のさえずり_low.mp3 in Resources */,
				82772EFA2C6FCCE80015F654 /* マジカル着信音ループ_high.mp3 in Resources */,
				82FE142D2C64B0E90023CC8B /* no.mp3 in Resources */,
				82772EF42C6FCCE80015F654 /* 森の中の小鳥のさえずり_medium.mp3 in Resources */,
				82772ECC2C6FCCE80015F654 /* リコーダービート_high.mp3 in Resources */,
				82772EF62C6FCCE80015F654 /* 爽やかな目覚まし音_high.mp3 in Resources */,
				82772EF52C6FCCE80015F654 /* ニワトリ_low.mp3 in Resources */,
				82772EE02C6FCCE80015F654 /* デジタル目覚まし時計アラーム音_high.mp3 in Resources */,
				82772EF82C6FCCE80015F654 /* シンプルなアラーム音(2)_low.mp3 in Resources */,
				82772ED02C6FCCE80015F654 /* mix_29s(2)_low.mp3 in Resources */,
				82FE15AB2C6F9A500023CC8B /* Gacha.mp3 in Resources */,
				82772EF32C6FCCE80015F654 /* 2_23_AM_high.mp3 in Resources */,
				82772EAE2C6FCCE80015F654 /* 爽やかな目覚まし音_medium.mp3 in Resources */,
				82772EF02C6FCCE80015F654 /* クラシックなアラーム_medium.mp3 in Resources */,
				82772EE52C6FCCE80015F654 /* 聴いたら分かる目覚めたときから戦闘態勢に入れるやつ_low.mp3 in Resources */,
				82772EC22C6FCCE80015F654 /* mix_29s(2)_medium.mp3 in Resources */,
				82772EB32C6FCCE80015F654 /* Morning_high.mp3 in Resources */,
				82772EB82C6FCCE80015F654 /* デフォルト_high.mp3 in Resources */,
				82772EFB2C6FCCE80015F654 /* CLUB_DEEP_FOG_medium.mp3 in Resources */,
				82772EC42C6FCCE80015F654 /* 高音ビープアラーム音_high.mp3 in Resources */,
				82772ED92C6FCCE80015F654 /* リコーダービート_low.mp3 in Resources */,
				82772ED62C6FCCE80015F654 /* 一斗缶をたたき続ける_low.mp3 in Resources */,
				82772EF12C6FCCE80015F654 /* はりきっちゃう時のテーマ_high.mp3 in Resources */,
				829200802C4777B300C96C30 /* RainParticle.sks in Resources */,
				82772EC32C6FCCE80015F654 /* オルゴールのチャイム_high.mp3 in Resources */,
				82772EBC2C6FCCE80015F654 /* 追いかけっこキャッハー_medium.mp3 in Resources */,
				829A59A62C1635B3002D7DA3 /* Assets.xcassets in Resources */,
				82772EE92C6FCCE80015F654 /* 明るいアップビート着信音_low.mp3 in Resources */,
				82772EC82C6FCCE80015F654 /* 鳥のさえずり_medium.mp3 in Resources */,
				82772ED82C6FCCE80015F654 /* 一斗缶をたたき続ける_medium.mp3 in Resources */,
				82772ED32C6FCCE80015F654 /* デフォルト_low.mp3 in Resources */,
				82772ECE2C6FCCE80015F654 /* CLUB_DEEP_FOG_low.mp3 in Resources */,
				82772EA92C6FCCE80015F654 /* mix_29s(2)_high.mp3 in Resources */,
				82772ED12C6FCCE80015F654 /* マジカル着信音ループ_low.mp3 in Resources */,
				82772EE32C6FCCE80015F654 /* デジタル目覚まし時計アラーム音_low.mp3 in Resources */,
				82772EE62C6FCCE80015F654 /* 情動カタルシス_medium.mp3 in Resources */,
				82772ED42C6FCCE80015F654 /* シンプルなアラーム音(1)_high.mp3 in Resources */,
				82772ECB2C6FCCE80015F654 /* はりきっちゃう時のテーマ_medium.mp3 in Resources */,
				82772EE82C6FCCE80015F654 /* 聴いたら分かる目覚めたときから戦闘態勢に入れるやつ_high.mp3 in Resources */,
				82772EB52C6FCCE80015F654 /* 銅鑼の連打_medium.mp3 in Resources */,
				82772ED52C6FCCE80015F654 /* リコーダービート_medium.mp3 in Resources */,
				82772F0A2C6FD7780015F654 /* TOEIC英単語.csv in Resources */,
				82772EF22C6FCCE80015F654 /* マジカル着信音ループ_medium.mp3 in Resources */,
				82772F022C6FD3C40015F654 /* 野良猫は宇宙を目指した_high.mp3 in Resources */,
				82772EF72C6FCCE80015F654 /* ニワトリ_medium.mp3 in Resources */,
				82772EBA2C6FCCE80015F654 /* mix_29s(1)_medium.mp3 in Resources */,
				82772F082C6FD7780015F654 /* 基礎英単語.csv in Resources */,
				82772EBE2C6FCCE80015F654 /* 2_23_AM_medium.mp3 in Resources */,
				82772EC72C6FCCE80015F654 /* 明るいアップビート着信音_medium.mp3 in Resources */,
				82772EDA2C6FCCE80015F654 /* シンプルなアラーム音(1)_low.mp3 in Resources */,
				82772EAA2C6FCCE80015F654 /* はりきっちゃう時のテーマ_low.mp3 in Resources */,
				82772EB22C6FCCE80015F654 /* ふぐふぐ体操_medium.mp3 in Resources */,
				82772EBF2C6FCCE80015F654 /* ニワトリ_high.mp3 in Resources */,
				82772ED22C6FCCE80015F654 /* クラシックなアラーム_high.mp3 in Resources */,
				82772EB72C6FCCE80015F654 /* 銅鑼の連打_high.mp3 in Resources */,
				82772EBD2C6FCCE80015F654 /* デフォルト_medium.mp3 in Resources */,
				82772EFC2C6FCCE80015F654 /* 情動カタルシス_low.mp3 in Resources */,
				82772EC12C6FCCE80015F654 /* 一斗缶をたたき続ける_high.mp3 in Resources */,
				82772EEA2C6FCCE80015F654 /* 追いかけっこキャッハー_low.mp3 in Resources */,
				82772ECA2C6FCCE80015F654 /* PiPiPiMorning_medium.mp3 in Resources */,
				82772F002C6FD3C40015F654 /* 野良猫は宇宙を目指した_low.mp3 in Resources */,
				82772EDF2C6FCCE80015F654 /* 爽やかな目覚まし音_low.mp3 in Resources */,
				82772EEF2C6FCCE80015F654 /* 追いかけっこキャッハー_high.mp3 in Resources */,
				82772EAC2C6FCCE80015F654 /* mix_29s(1)_high.mp3 in Resources */,
				82772EDB2C6FCCE80015F654 /* Morning_low.mp3 in Resources */,
				82772EB12C6FCCE80015F654 /* パステルハウス_low.mp3 in Resources */,
				82772EAD2C6FCCE80015F654 /* 聴いたら分かる目覚めたときから戦闘態勢に入れるやつ_medium.mp3 in Resources */,
				82772EF92C6FCCE80015F654 /* PiPiPiMorning_low.mp3 in Resources */,
				82772EEB2C6FCCE80015F654 /* ふぐふぐ体操_low.mp3 in Resources */,
				82772EEE2C6FCCE80015F654 /* オルゴールのチャイム_medium.mp3 in Resources */,
				82772F012C6FD3C40015F654 /* 野良猫は宇宙を目指した_medium.mp3 in Resources */,
				82772EC02C6FCCE80015F654 /* パステルハウス_high.mp3 in Resources */,
				82772EDD2C6FCCE80015F654 /* 高音ビープアラーム音_medium.mp3 in Resources */,
				82772EE12C6FCCE80015F654 /* シンプルなアラーム音(1)_medium.mp3 in Resources */,
				82772EB42C6FCCE80015F654 /* 銅鑼の連打_low.mp3 in Resources */,
				82772EE72C6FCCE80015F654 /* 森の中の小鳥のさえずり_high.mp3 in Resources */,
				82772F072C6FD7780015F654 /* ビジネス英単語.csv in Resources */,
			);
			runOnlyForDeploymentPostprocessing = 0;
		};
		829A59AC2C1635B3002D7DA3 /* Resources */ = {
			isa = PBXResourcesBuildPhase;
			buildActionMask = 2147483647;
			files = (
			);
			runOnlyForDeploymentPostprocessing = 0;
		};
		829A59B62C1635B3002D7DA3 /* Resources */ = {
			isa = PBXResourcesBuildPhase;
			buildActionMask = 2147483647;
			files = (
				827AE3B42C1886A300DABD95 /* ビジネス英単語（BSL）.csv in Resources */,
			);
			runOnlyForDeploymentPostprocessing = 0;
		};
/* End PBXResourcesBuildPhase section */

/* Begin PBXShellScriptBuildPhase section */
		4D02EFBB4F3A87113FED2330 /* [CP] Copy Pods Resources */ = {
			isa = PBXShellScriptBuildPhase;
			buildActionMask = 2147483647;
			files = (
			);
			inputFileListPaths = (
				"${PODS_ROOT}/Target Support Files/Pods-WakeMeUp/Pods-WakeMeUp-resources-${CONFIGURATION}-input-files.xcfilelist",
			);
			name = "[CP] Copy Pods Resources";
			outputFileListPaths = (
				"${PODS_ROOT}/Target Support Files/Pods-WakeMeUp/Pods-WakeMeUp-resources-${CONFIGURATION}-output-files.xcfilelist",
			);
			runOnlyForDeploymentPostprocessing = 0;
			shellPath = /bin/sh;
			shellScript = "\"${PODS_ROOT}/Target Support Files/Pods-WakeMeUp/Pods-WakeMeUp-resources.sh\"\n";
			showEnvVarsInLog = 0;
		};
		FDFD560E09EC82A55EF67182 /* [CP] Check Pods Manifest.lock */ = {
			isa = PBXShellScriptBuildPhase;
			buildActionMask = 2147483647;
			files = (
			);
			inputFileListPaths = (
			);
			inputPaths = (
				"${PODS_PODFILE_DIR_PATH}/Podfile.lock",
				"${PODS_ROOT}/Manifest.lock",
			);
			name = "[CP] Check Pods Manifest.lock";
			outputFileListPaths = (
			);
			outputPaths = (
				"$(DERIVED_FILE_DIR)/Pods-WakeMeUp-checkManifestLockResult.txt",
			);
			runOnlyForDeploymentPostprocessing = 0;
			shellPath = /bin/sh;
			shellScript = "diff \"${PODS_PODFILE_DIR_PATH}/Podfile.lock\" \"${PODS_ROOT}/Manifest.lock\" > /dev/null\nif [ $? != 0 ] ; then\n    # print error to STDERR\n    echo \"error: The sandbox is not in sync with the Podfile.lock. Run 'pod install' or update your CocoaPods installation.\" >&2\n    exit 1\nfi\n# This output is used by Xcode 'outputs' to avoid re-running this script phase.\necho \"SUCCESS\" > \"${SCRIPT_OUTPUT_FILE_0}\"\n";
			showEnvVarsInLog = 0;
		};
/* End PBXShellScriptBuildPhase section */

/* Begin PBXSourcesBuildPhase section */
		829A599A2C1635B2002D7DA3 /* Sources */ = {
			isa = PBXSourcesBuildPhase;
			buildActionMask = 2147483647;
			files = (
				82FE15AF2C6FB65E0023CC8B /* HowToUse.swift in Sources */,
				82FE14292C63F0A60023CC8B /* AdMob.swift in Sources */,
				829200972C47A24100C96C30 /* GIFImage.swift in Sources */,
				821FD6B72C37E2A900F445C7 /* AppDelegate.swift in Sources */,
				82FE15A12C6EE6CF0023CC8B /* CollectionImage.swift in Sources */,
				82FE142B2C649F9F0023CC8B /* MissionSectionSelect.swift in Sources */,
				341C36552C2B3035009F9594 /* AddAlarmView.swift in Sources */,
				8292006C2C469B2200C96C30 /* ItemState.swift in Sources */,
				3483CF772C2BFEA400FA5BD3 /* SettingsView.swift in Sources */,
				827A15992C176053003B4468 /* Mission.swift in Sources */,
				8232E8922C3FE08A00D1BF22 /* keep.swift in Sources */,
				821FD6A12C3313CC00F445C7 /* MissionClear.swift in Sources */,
				3483CF732C2BC37800FA5BD3 /* AlarmLandingView.swift in Sources */,
				8232E8902C3BF29C00D1BF22 /* AlarmSettingView.swift in Sources */,
				821FD69F2C329F8100F445C7 /* MissionState.swift in Sources */,
				829A59CC2C163ECD002D7DA3 /* audio.swift in Sources */,
				3483CF752C2BFE8600FA5BD3 /* AlarmListView.swift in Sources */,
				827A15A32C18641A003B4468 /* ContentView.swift in Sources */,
				821FD6A92C358F0F00F445C7 /* HomeMission.swift in Sources */,
				82FE159F2C6B39140023CC8B /* Onboarding.swift in Sources */,
				827A159B2C176077003B4468 /* GPT.swift in Sources */,
				34EB07042C18B94800535988 /* AlarmData.swift in Sources */,
				829200742C46A81600C96C30 /* Gacha.swift in Sources */,
				828A07DF2C1994070008A956 /* Config.swift in Sources */,
				828A07E12C19DE7A0008A956 /* GPT_audio.swift in Sources */,
				827A159D2C176087003B4468 /* Home.swift in Sources */,
				829200A92C4825A400C96C30 /* Collection.swift in Sources */,
				829200952C47A20D00C96C30 /* UIGIFImageView.swift in Sources */,
				824D789F2C1C61BC0070D045 /* Whisper.swift in Sources */,
				821FD69D2C32741900F445C7 /* Status.swift in Sources */,
				8272A5982C44E2F7006697E1 /* Sound.swift in Sources */,
				829A59A22C1635B2002D7DA3 /* WakeMeUpApp.swift in Sources */,
				829200A72C4821F300C96C30 /* GachaGif.swift in Sources */,
				82FE14312C67544A0023CC8B /* Exchange.swift in Sources */,
				8232E88E2C3BF23400D1BF22 /* AlarmStore.swift in Sources */,
				821FD6A72C34503E00F445C7 /* test.swift in Sources */,
				82FE142F2C64B62B0023CC8B /* StatusSectionSelect.swift in Sources */,
			);
			runOnlyForDeploymentPostprocessing = 0;
		};
		829A59AA2C1635B3002D7DA3 /* Sources */ = {
			isa = PBXSourcesBuildPhase;
			buildActionMask = 2147483647;
			files = (
				829A59B32C1635B3002D7DA3 /* WakeMeUpTests.swift in Sources */,
			);
			runOnlyForDeploymentPostprocessing = 0;
		};
		829A59B42C1635B3002D7DA3 /* Sources */ = {
			isa = PBXSourcesBuildPhase;
			buildActionMask = 2147483647;
			files = (
				829A59BF2C1635B3002D7DA3 /* WakeMeUpUITestsLaunchTests.swift in Sources */,
				829A59BD2C1635B3002D7DA3 /* WakeMeUpUITests.swift in Sources */,
			);
			runOnlyForDeploymentPostprocessing = 0;
		};
/* End PBXSourcesBuildPhase section */

/* Begin PBXTargetDependency section */
		829A59B02C1635B3002D7DA3 /* PBXTargetDependency */ = {
			isa = PBXTargetDependency;
			target = 829A599D2C1635B2002D7DA3 /* 朝単-英単語アラーム */;
			targetProxy = 829A59AF2C1635B3002D7DA3 /* PBXContainerItemProxy */;
		};
		829A59BA2C1635B3002D7DA3 /* PBXTargetDependency */ = {
			isa = PBXTargetDependency;
			target = 829A599D2C1635B2002D7DA3 /* 朝単-英単語アラーム */;
			targetProxy = 829A59B92C1635B3002D7DA3 /* PBXContainerItemProxy */;
		};
/* End PBXTargetDependency section */

/* Begin XCBuildConfiguration section */
		829A59C02C1635B3002D7DA3 /* Debug */ = {
			isa = XCBuildConfiguration;
			buildSettings = {
				ALWAYS_SEARCH_USER_PATHS = NO;
				ASSETCATALOG_COMPILER_GENERATE_SWIFT_ASSET_SYMBOL_EXTENSIONS = YES;
				CLANG_ANALYZER_NONNULL = YES;
				CLANG_ANALYZER_NUMBER_OBJECT_CONVERSION = YES_AGGRESSIVE;
				CLANG_CXX_LANGUAGE_STANDARD = "gnu++20";
				CLANG_ENABLE_MODULES = YES;
				CLANG_ENABLE_OBJC_ARC = YES;
				CLANG_ENABLE_OBJC_WEAK = YES;
				CLANG_WARN_BLOCK_CAPTURE_AUTORELEASING = YES;
				CLANG_WARN_BOOL_CONVERSION = YES;
				CLANG_WARN_COMMA = YES;
				CLANG_WARN_CONSTANT_CONVERSION = YES;
				CLANG_WARN_DEPRECATED_OBJC_IMPLEMENTATIONS = YES;
				CLANG_WARN_DIRECT_OBJC_ISA_USAGE = YES_ERROR;
				CLANG_WARN_DOCUMENTATION_COMMENTS = YES;
				CLANG_WARN_EMPTY_BODY = YES;
				CLANG_WARN_ENUM_CONVERSION = YES;
				CLANG_WARN_INFINITE_RECURSION = YES;
				CLANG_WARN_INT_CONVERSION = YES;
				CLANG_WARN_NON_LITERAL_NULL_CONVERSION = YES;
				CLANG_WARN_OBJC_IMPLICIT_RETAIN_SELF = YES;
				CLANG_WARN_OBJC_LITERAL_CONVERSION = YES;
				CLANG_WARN_OBJC_ROOT_CLASS = YES_ERROR;
				CLANG_WARN_QUOTED_INCLUDE_IN_FRAMEWORK_HEADER = YES;
				CLANG_WARN_RANGE_LOOP_ANALYSIS = YES;
				CLANG_WARN_STRICT_PROTOTYPES = YES;
				CLANG_WARN_SUSPICIOUS_MOVE = YES;
				CLANG_WARN_UNGUARDED_AVAILABILITY = YES_AGGRESSIVE;
				CLANG_WARN_UNREACHABLE_CODE = YES;
				CLANG_WARN__DUPLICATE_METHOD_MATCH = YES;
				COPY_PHASE_STRIP = NO;
				DEBUG_INFORMATION_FORMAT = dwarf;
				ENABLE_STRICT_OBJC_MSGSEND = YES;
				ENABLE_TESTABILITY = YES;
				ENABLE_USER_SCRIPT_SANDBOXING = NO;
				GCC_C_LANGUAGE_STANDARD = gnu17;
				GCC_DYNAMIC_NO_PIC = NO;
				GCC_NO_COMMON_BLOCKS = YES;
				GCC_OPTIMIZATION_LEVEL = 0;
				GCC_PREPROCESSOR_DEFINITIONS = (
					"DEBUG=1",
					"$(inherited)",
				);
				GCC_WARN_64_TO_32_BIT_CONVERSION = YES;
				GCC_WARN_ABOUT_RETURN_TYPE = YES_ERROR;
				GCC_WARN_UNDECLARED_SELECTOR = YES;
				GCC_WARN_UNINITIALIZED_AUTOS = YES_AGGRESSIVE;
				GCC_WARN_UNUSED_FUNCTION = YES;
				GCC_WARN_UNUSED_VARIABLE = YES;
				IPHONEOS_DEPLOYMENT_TARGET = 17.4;
				LOCALIZATION_PREFERS_STRING_CATALOGS = YES;
				MTL_ENABLE_DEBUG_INFO = INCLUDE_SOURCE;
				MTL_FAST_MATH = YES;
				ONLY_ACTIVE_ARCH = YES;
				SDKROOT = iphoneos;
				SWIFT_ACTIVE_COMPILATION_CONDITIONS = "DEBUG $(inherited)";
				SWIFT_OPTIMIZATION_LEVEL = "-Onone";
			};
			name = Debug;
		};
		829A59C12C1635B3002D7DA3 /* Release */ = {
			isa = XCBuildConfiguration;
			buildSettings = {
				ALWAYS_SEARCH_USER_PATHS = NO;
				ASSETCATALOG_COMPILER_GENERATE_SWIFT_ASSET_SYMBOL_EXTENSIONS = YES;
				CLANG_ANALYZER_NONNULL = YES;
				CLANG_ANALYZER_NUMBER_OBJECT_CONVERSION = YES_AGGRESSIVE;
				CLANG_CXX_LANGUAGE_STANDARD = "gnu++20";
				CLANG_ENABLE_MODULES = YES;
				CLANG_ENABLE_OBJC_ARC = YES;
				CLANG_ENABLE_OBJC_WEAK = YES;
				CLANG_WARN_BLOCK_CAPTURE_AUTORELEASING = YES;
				CLANG_WARN_BOOL_CONVERSION = YES;
				CLANG_WARN_COMMA = YES;
				CLANG_WARN_CONSTANT_CONVERSION = YES;
				CLANG_WARN_DEPRECATED_OBJC_IMPLEMENTATIONS = YES;
				CLANG_WARN_DIRECT_OBJC_ISA_USAGE = YES_ERROR;
				CLANG_WARN_DOCUMENTATION_COMMENTS = YES;
				CLANG_WARN_EMPTY_BODY = YES;
				CLANG_WARN_ENUM_CONVERSION = YES;
				CLANG_WARN_INFINITE_RECURSION = YES;
				CLANG_WARN_INT_CONVERSION = YES;
				CLANG_WARN_NON_LITERAL_NULL_CONVERSION = YES;
				CLANG_WARN_OBJC_IMPLICIT_RETAIN_SELF = YES;
				CLANG_WARN_OBJC_LITERAL_CONVERSION = YES;
				CLANG_WARN_OBJC_ROOT_CLASS = YES_ERROR;
				CLANG_WARN_QUOTED_INCLUDE_IN_FRAMEWORK_HEADER = YES;
				CLANG_WARN_RANGE_LOOP_ANALYSIS = YES;
				CLANG_WARN_STRICT_PROTOTYPES = YES;
				CLANG_WARN_SUSPICIOUS_MOVE = YES;
				CLANG_WARN_UNGUARDED_AVAILABILITY = YES_AGGRESSIVE;
				CLANG_WARN_UNREACHABLE_CODE = YES;
				CLANG_WARN__DUPLICATE_METHOD_MATCH = YES;
				COPY_PHASE_STRIP = NO;
				DEBUG_INFORMATION_FORMAT = "dwarf-with-dsym";
				ENABLE_NS_ASSERTIONS = NO;
				ENABLE_STRICT_OBJC_MSGSEND = YES;
				ENABLE_USER_SCRIPT_SANDBOXING = NO;
				GCC_C_LANGUAGE_STANDARD = gnu17;
				GCC_NO_COMMON_BLOCKS = YES;
				GCC_WARN_64_TO_32_BIT_CONVERSION = YES;
				GCC_WARN_ABOUT_RETURN_TYPE = YES_ERROR;
				GCC_WARN_UNDECLARED_SELECTOR = YES;
				GCC_WARN_UNINITIALIZED_AUTOS = YES_AGGRESSIVE;
				GCC_WARN_UNUSED_FUNCTION = YES;
				GCC_WARN_UNUSED_VARIABLE = YES;
				IPHONEOS_DEPLOYMENT_TARGET = 17.4;
				LOCALIZATION_PREFERS_STRING_CATALOGS = YES;
				MTL_ENABLE_DEBUG_INFO = NO;
				MTL_FAST_MATH = YES;
				SDKROOT = iphoneos;
				SWIFT_COMPILATION_MODE = wholemodule;
				VALIDATE_PRODUCT = YES;
			};
			name = Release;
		};
		829A59C32C1635B3002D7DA3 /* Debug */ = {
			isa = XCBuildConfiguration;
			baseConfigurationReference = 8DAFDD1C15A64C9DD5046EC1 /* Pods-WakeMeUp.debug.xcconfig */;
			buildSettings = {
				ASSETCATALOG_COMPILER_APPICON_NAME = AppIcon;
				ASSETCATALOG_COMPILER_GLOBAL_ACCENT_COLOR_NAME = AccentColor;
				CODE_SIGN_STYLE = Automatic;
				CURRENT_PROJECT_VERSION = 1;
				DEVELOPMENT_ASSET_PATHS = "\"WakeMeUp/Preview Content\"";
				DEVELOPMENT_TEAM = 8ZM4FV57A5;
				ENABLE_PREVIEWS = YES;
				GENERATE_INFOPLIST_FILE = YES;
				INFOPLIST_FILE = WakeMeUp/Info.plist;
				INFOPLIST_KEY_CFBundleDisplayName = "";
				INFOPLIST_KEY_LSApplicationCategoryType = "";
				INFOPLIST_KEY_NSAppleMusicUsageDescription = "アプリが音楽ライブラリにアクセスしてアラーム音を設定するために使用します。";
				INFOPLIST_KEY_NSMicrophoneUsageDescription = "音声認識のために許可が必要です。";
				INFOPLIST_KEY_NSSpeechRecognitionUsageDescription = "発音判定のために許可が必要です。";
				INFOPLIST_KEY_UIApplicationSceneManifest_Generation = YES;
				INFOPLIST_KEY_UIApplicationSupportsIndirectInputEvents = YES;
				INFOPLIST_KEY_UILaunchStoryboardName = "Launch Screen.storyboard";
				INFOPLIST_KEY_UIStatusBarHidden = YES;
				INFOPLIST_KEY_UISupportedInterfaceOrientations_iPad = "UIInterfaceOrientationPortrait UIInterfaceOrientationPortraitUpsideDown UIInterfaceOrientationLandscapeLeft UIInterfaceOrientationLandscapeRight";
				INFOPLIST_KEY_UISupportedInterfaceOrientations_iPhone = "UIInterfaceOrientationPortrait UIInterfaceOrientationLandscapeLeft UIInterfaceOrientationLandscapeRight";
				INFOPLIST_KEY_UIUserInterfaceStyle = Light;
				IPHONEOS_DEPLOYMENT_TARGET = 17.4;
				LD_RUNPATH_SEARCH_PATHS = (
					"$(inherited)",
					"@executable_path/Frameworks",
				);
				MARKETING_VERSION = 1.0;
				PRODUCT_BUNDLE_IDENTIFIER = WakeMeUp2;
				PRODUCT_NAME = "$(TARGET_NAME)";
				SWIFT_EMIT_LOC_STRINGS = YES;
				SWIFT_VERSION = 5.0;
				TARGETED_DEVICE_FAMILY = "1,2";
			};
			name = Debug;
		};
		829A59C42C1635B3002D7DA3 /* Release */ = {
			isa = XCBuildConfiguration;
			baseConfigurationReference = 6346B2490E7BCC2DC5586107 /* Pods-WakeMeUp.release.xcconfig */;
			buildSettings = {
				ASSETCATALOG_COMPILER_APPICON_NAME = AppIcon;
				ASSETCATALOG_COMPILER_GLOBAL_ACCENT_COLOR_NAME = AccentColor;
				CODE_SIGN_STYLE = Automatic;
				CURRENT_PROJECT_VERSION = 1;
				DEVELOPMENT_ASSET_PATHS = "\"WakeMeUp/Preview Content\"";
				DEVELOPMENT_TEAM = 8ZM4FV57A5;
				ENABLE_PREVIEWS = YES;
				GENERATE_INFOPLIST_FILE = YES;
				INFOPLIST_FILE = WakeMeUp/Info.plist;
				INFOPLIST_KEY_CFBundleDisplayName = "";
				INFOPLIST_KEY_LSApplicationCategoryType = "";
				INFOPLIST_KEY_NSAppleMusicUsageDescription = "アプリが音楽ライブラリにアクセスしてアラーム音を設定するために使用します。";
				INFOPLIST_KEY_NSMicrophoneUsageDescription = "音声認識のために許可が必要です。";
				INFOPLIST_KEY_NSSpeechRecognitionUsageDescription = "発音判定のために許可が必要です。";
				INFOPLIST_KEY_UIApplicationSceneManifest_Generation = YES;
				INFOPLIST_KEY_UIApplicationSupportsIndirectInputEvents = YES;
				INFOPLIST_KEY_UILaunchStoryboardName = "Launch Screen.storyboard";
				INFOPLIST_KEY_UIStatusBarHidden = YES;
				INFOPLIST_KEY_UISupportedInterfaceOrientations_iPad = "UIInterfaceOrientationPortrait UIInterfaceOrientationPortraitUpsideDown UIInterfaceOrientationLandscapeLeft UIInterfaceOrientationLandscapeRight";
				INFOPLIST_KEY_UISupportedInterfaceOrientations_iPhone = "UIInterfaceOrientationPortrait UIInterfaceOrientationLandscapeLeft UIInterfaceOrientationLandscapeRight";
				INFOPLIST_KEY_UIUserInterfaceStyle = Light;
				IPHONEOS_DEPLOYMENT_TARGET = 17.4;
				LD_RUNPATH_SEARCH_PATHS = (
					"$(inherited)",
					"@executable_path/Frameworks",
				);
				MARKETING_VERSION = 1.0;
				PRODUCT_BUNDLE_IDENTIFIER = WakeMeUp2;
				PRODUCT_NAME = "$(TARGET_NAME)";
				SWIFT_EMIT_LOC_STRINGS = YES;
				SWIFT_VERSION = 5.0;
				TARGETED_DEVICE_FAMILY = "1,2";
			};
			name = Release;
		};
		829A59C62C1635B3002D7DA3 /* Debug */ = {
			isa = XCBuildConfiguration;
			buildSettings = {
				ALWAYS_EMBED_SWIFT_STANDARD_LIBRARIES = YES;
				BUNDLE_LOADER = "$(TEST_HOST)";
				CODE_SIGN_STYLE = Automatic;
				CURRENT_PROJECT_VERSION = 1;
				DEVELOPMENT_TEAM = 8ZM4FV57A5;
				GENERATE_INFOPLIST_FILE = YES;
				INFOPLIST_KEY_LSApplicationCategoryType = "";
				IPHONEOS_DEPLOYMENT_TARGET = 17.5;
				MARKETING_VERSION = 1.0;
				PRODUCT_BUNDLE_IDENTIFIER = Ans.WakeMeUpTests;
				PRODUCT_NAME = "$(TARGET_NAME)";
				SWIFT_EMIT_LOC_STRINGS = NO;
				SWIFT_VERSION = 5.0;
				TARGETED_DEVICE_FAMILY = "1,2";
				TEST_HOST = "$(BUILT_PRODUCTS_DIR)/WakeMeUp.app/$(BUNDLE_EXECUTABLE_FOLDER_PATH)/WakeMeUp";
			};
			name = Debug;
		};
		829A59C72C1635B3002D7DA3 /* Release */ = {
			isa = XCBuildConfiguration;
			buildSettings = {
				ALWAYS_EMBED_SWIFT_STANDARD_LIBRARIES = YES;
				BUNDLE_LOADER = "$(TEST_HOST)";
				CODE_SIGN_STYLE = Automatic;
				CURRENT_PROJECT_VERSION = 1;
				DEVELOPMENT_TEAM = 8ZM4FV57A5;
				GENERATE_INFOPLIST_FILE = YES;
				INFOPLIST_KEY_LSApplicationCategoryType = "";
				IPHONEOS_DEPLOYMENT_TARGET = 17.5;
				MARKETING_VERSION = 1.0;
				PRODUCT_BUNDLE_IDENTIFIER = Ans.WakeMeUpTests;
				PRODUCT_NAME = "$(TARGET_NAME)";
				SWIFT_EMIT_LOC_STRINGS = NO;
				SWIFT_VERSION = 5.0;
				TARGETED_DEVICE_FAMILY = "1,2";
				TEST_HOST = "$(BUILT_PRODUCTS_DIR)/WakeMeUp.app/$(BUNDLE_EXECUTABLE_FOLDER_PATH)/WakeMeUp";
			};
			name = Release;
		};
		829A59C92C1635B3002D7DA3 /* Debug */ = {
			isa = XCBuildConfiguration;
			buildSettings = {
				ALWAYS_EMBED_SWIFT_STANDARD_LIBRARIES = YES;
				CODE_SIGN_STYLE = Automatic;
				CURRENT_PROJECT_VERSION = 1;
				DEVELOPMENT_TEAM = 8ZM4FV57A5;
				GENERATE_INFOPLIST_FILE = YES;
				MARKETING_VERSION = 1.0;
				PRODUCT_BUNDLE_IDENTIFIER = Ans.WakeMeUpUITests;
				PRODUCT_NAME = "$(TARGET_NAME)";
				SWIFT_EMIT_LOC_STRINGS = NO;
				SWIFT_VERSION = 5.0;
				TARGETED_DEVICE_FAMILY = "1,2";
				TEST_TARGET_NAME = WakeMeUp;
			};
			name = Debug;
		};
		829A59CA2C1635B3002D7DA3 /* Release */ = {
			isa = XCBuildConfiguration;
			buildSettings = {
				ALWAYS_EMBED_SWIFT_STANDARD_LIBRARIES = YES;
				CODE_SIGN_STYLE = Automatic;
				CURRENT_PROJECT_VERSION = 1;
				DEVELOPMENT_TEAM = 8ZM4FV57A5;
				GENERATE_INFOPLIST_FILE = YES;
				MARKETING_VERSION = 1.0;
				PRODUCT_BUNDLE_IDENTIFIER = Ans.WakeMeUpUITests;
				PRODUCT_NAME = "$(TARGET_NAME)";
				SWIFT_EMIT_LOC_STRINGS = NO;
				SWIFT_VERSION = 5.0;
				TARGETED_DEVICE_FAMILY = "1,2";
				TEST_TARGET_NAME = WakeMeUp;
			};
			name = Release;
		};
/* End XCBuildConfiguration section */

/* Begin XCConfigurationList section */
		829A59992C1635B2002D7DA3 /* Build configuration list for PBXProject "WakeMeUp" */ = {
			isa = XCConfigurationList;
			buildConfigurations = (
				829A59C02C1635B3002D7DA3 /* Debug */,
				829A59C12C1635B3002D7DA3 /* Release */,
			);
			defaultConfigurationIsVisible = 0;
			defaultConfigurationName = Release;
		};
		829A59C22C1635B3002D7DA3 /* Build configuration list for PBXNativeTarget "朝単-英単語アラーム" */ = {
			isa = XCConfigurationList;
			buildConfigurations = (
				829A59C32C1635B3002D7DA3 /* Debug */,
				829A59C42C1635B3002D7DA3 /* Release */,
			);
			defaultConfigurationIsVisible = 0;
			defaultConfigurationName = Release;
		};
		829A59C52C1635B3002D7DA3 /* Build configuration list for PBXNativeTarget "WakeMeUpTests" */ = {
			isa = XCConfigurationList;
			buildConfigurations = (
				829A59C62C1635B3002D7DA3 /* Debug */,
				829A59C72C1635B3002D7DA3 /* Release */,
			);
			defaultConfigurationIsVisible = 0;
			defaultConfigurationName = Release;
		};
		829A59C82C1635B3002D7DA3 /* Build configuration list for PBXNativeTarget "WakeMeUpUITests" */ = {
			isa = XCConfigurationList;
			buildConfigurations = (
				829A59C92C1635B3002D7DA3 /* Debug */,
				829A59CA2C1635B3002D7DA3 /* Release */,
			);
			defaultConfigurationIsVisible = 0;
			defaultConfigurationName = Release;
		};
/* End XCConfigurationList section */

/* Begin XCRemoteSwiftPackageReference section */
		82053D8B2C188D7F00D2D191 /* XCRemoteSwiftPackageReference "SwiftCSV" */ = {
			isa = XCRemoteSwiftPackageReference;
			repositoryURL = "https://github.com/swiftcsv/SwiftCSV";
			requirement = {
				kind = upToNextMajorVersion;
				minimumVersion = 0.10.0;
			};
		};
		828A07D72C1955A50008A956 /* XCRemoteSwiftPackageReference "Alamofire" */ = {
			isa = XCRemoteSwiftPackageReference;
			repositoryURL = "https://github.com/Alamofire/Alamofire.git";
			requirement = {
				kind = upToNextMajorVersion;
				minimumVersion = 5.9.1;
			};
		};
		829200912C479FEB00C96C30 /* XCRemoteSwiftPackageReference "SwiftyGif" */ = {
			isa = XCRemoteSwiftPackageReference;
			repositoryURL = "https://github.com/alexiscreuzot/SwiftyGif";
			requirement = {
				kind = upToNextMajorVersion;
				minimumVersion = 5.4.5;
			};
		};
/* End XCRemoteSwiftPackageReference section */

/* Begin XCSwiftPackageProductDependency section */
		82053D8D2C188F3300D2D191 /* SwiftCSV */ = {
			isa = XCSwiftPackageProductDependency;
			package = 82053D8B2C188D7F00D2D191 /* XCRemoteSwiftPackageReference "SwiftCSV" */;
			productName = SwiftCSV;
		};
		828A07D82C1956270008A956 /* Alamofire */ = {
			isa = XCSwiftPackageProductDependency;
			package = 828A07D72C1955A50008A956 /* XCRemoteSwiftPackageReference "Alamofire" */;
			productName = Alamofire;
		};
		829200922C47A03300C96C30 /* SwiftyGif */ = {
			isa = XCSwiftPackageProductDependency;
			package = 829200912C479FEB00C96C30 /* XCRemoteSwiftPackageReference "SwiftyGif" */;
			productName = SwiftyGif;
		};
/* End XCSwiftPackageProductDependency section */
	};
	rootObject = 829A59962C1635B2002D7DA3 /* Project object */;
}
